Microsoft Visual Studio Solution File, Format Version 8.00
Project("{FAE04EC0-301F-11D3-BF4B-00C04F79EFBC}") = "StructureMap", "StructureMap.csproj", "{3F36EA80-2F9A-4DAD-BA27-5AC6163A2EE3}"
	ProjectSection(ProjectDependencies) = postProject
	EndProjectSection
EndProject
Project("{FAE04EC0-301F-11D3-BF4B-00C04F79EFBC}") = "StructureMap.Testing.Widget2", "..\StructureMap.Testing.Widget2\StructureMap.Testing.Widget2.csproj", "{027E996C-75E8-40F8-9073-0E3B77A6BE1F}"
	ProjectSection(ProjectDependencies) = postProject
	EndProjectSection
EndProject
Project("{FAE04EC0-301F-11D3-BF4B-00C04F79EFBC}") = "StructureMap.Testing.Widget", "..\StructureMap.Testing.Widget\StructureMap.Testing.Widget.csproj", "{E21E1651-3E32-47B7-A290-F461E63FEAD2}"
	ProjectSection(ProjectDependencies) = postProject
	EndProjectSection
EndProject
Project("{FAE04EC0-301F-11D3-BF4B-00C04F79EFBC}") = "StructureMap.Testing", "..\StructureMap.Testing\StructureMap.Testing.csproj", "{63C2742D-B6E2-484F-AFDB-346873075C5E}"
	ProjectSection(ProjectDependencies) = postProject
	EndProjectSection
EndProject
Global
	GlobalSection(SolutionConfiguration) = preSolution
		Debug = Debug
		Release = Release
	EndGlobalSection
	GlobalSection(ProjectConfiguration) = postSolution
		{3F36EA80-2F9A-4DAD-BA27-5AC6163A2EE3}.Debug.ActiveCfg = Debug|.NET
		{3F36EA80-2F9A-4DAD-BA27-5AC6163A2EE3}.Debug.Build.0 = Debug|.NET
		{3F36EA80-2F9A-4DAD-BA27-5AC6163A2EE3}.Release.ActiveCfg = Release|.NET
		{3F36EA80-2F9A-4DAD-BA27-5AC6163A2EE3}.Release.Build.0 = Release|.NET
		{027E996C-75E8-40F8-9073-0E3B77A6BE1F}.Debug.ActiveCfg = Debug|.NET
		{027E996C-75E8-40F8-9073-0E3B77A6BE1F}.Debug.Build.0 = Debug|.NET
		{027E996C-75E8-40F8-9073-0E3B77A6BE1F}.Release.ActiveCfg = Release|.NET
		{027E996C-75E8-40F8-9073-0E3B77A6BE1F}.Release.Build.0 = Release|.NET
		{E21E1651-3E32-47B7-A290-F461E63FEAD2}.Debug.ActiveCfg = Debug|.NET
		{E21E1651-3E32-47B7-A290-F461E63FEAD2}.Debug.Build.0 = Debug|.NET
		{E21E1651-3E32-47B7-A290-F461E63FEAD2}.Release.ActiveCfg = Release|.NET
		{E21E1651-3E32-47B7-A290-F461E63FEAD2}.Release.Build.0 = Release|.NET
		{63C2742D-B6E2-484F-AFDB-346873075C5E}.Debug.ActiveCfg = Debug|.NET
		{63C2742D-B6E2-484F-AFDB-346873075C5E}.Debug.Build.0 = Debug|.NET
		{63C2742D-B6E2-484F-AFDB-346873075C5E}.Release.ActiveCfg = Release|.NET
		{63C2742D-B6E2-484F-AFDB-346873075C5E}.Release.Build.0 = Release|.NET
	EndGlobalSection
	GlobalSection(ExtensibilityGlobals) = postSolution
	EndGlobalSection
	GlobalSection(ExtensibilityAddIns) = postSolution
	EndGlobalSection
EndGlobal
