
Microsoft Visual Studio Solution File, Format Version 12.00
# Visual Studio 14
VisualStudioVersion = 14.0.25420.1
MinimumVisualStudioVersion = 10.0.40219.1
Project("{2150E333-8FDC-42A3-9474-1A3956D46DE8}") = "Solution Items", "Solution Items", "{93877CE0-BA48-4F28-B372-B8E802CEE085}"
EndProject
Project("{2150E333-8FDC-42A3-9474-1A3956D46DE8}") = "Widgets", "Widgets", "{E1C10209-160D-4054-ACB7-478A9FDCF84C}"
EndProject
Project("{FAE04EC0-301F-11D3-BF4B-00C04F79EFBC}") = "StructureMap", "StructureMap\StructureMap.csproj", "{3F36EA80-2F9A-4DAD-BA27-5AC6163A2EE3}"
EndProject
Project("{FAE04EC0-301F-11D3-BF4B-00C04F79EFBC}") = "StructureMap.Testing", "StructureMap.Testing\StructureMap.Testing.csproj", "{63C2742D-B6E2-484F-AFDB-346873075C5E}"
EndProject
Project("{FAE04EC0-301F-11D3-BF4B-00C04F79EFBC}") = "StructureMap.Testing.Widget", "StructureMap.Testing.Widget\StructureMap.Testing.Widget.csproj", "{E21E1651-3E32-47B7-A290-F461E63FEAD2}"
EndProject
Project("{FAE04EC0-301F-11D3-BF4B-00C04F79EFBC}") = "StructureMap.Testing.Widget2", "StructureMap.Testing.Widget2\StructureMap.Testing.Widget2.csproj", "{027E996C-75E8-40F8-9073-0E3B77A6BE1F}"
EndProject
Project("{FAE04EC0-301F-11D3-BF4B-00C04F79EFBC}") = "StructureMap.Testing.Widget3", "StructureMap.Testing.Widget3\StructureMap.Testing.Widget3.csproj", "{C8878328-281F-4F4F-8D6E-88C60F304B89}"
EndProject
Project("{FAE04EC0-301F-11D3-BF4B-00C04F79EFBC}") = "StructureMap.Testing.Widget4", "StructureMap.Testing.Widget4\StructureMap.Testing.Widget4.csproj", "{901D15CB-EF37-4F84-864B-E70F4B5F1DFF}"
EndProject
Project("{FAE04EC0-301F-11D3-BF4B-00C04F79EFBC}") = "StructureMap.Testing.Widget5", "StructureMap.Testing.Widget5\StructureMap.Testing.Widget5.csproj", "{CAB97F7F-FB75-410C-898A-88DCAAC036BE}"
EndProject
Project("{FAE04EC0-301F-11D3-BF4B-00C04F79EFBC}") = "StructureMap.Testing.GenericWidgets", "StructureMap.Testing.GenericWidgets\StructureMap.Testing.GenericWidgets.csproj", "{C205EA4C-4CD0-4221-A3CB-AFD835F0B263}"
EndProject
Project("{FAE04EC0-301F-11D3-BF4B-00C04F79EFBC}") = "StructureMap.Net4", "StructureMap.Net4\StructureMap.Net4.csproj", "{6D812B81-CF2E-4DF1-9F73-BC19E5A6A019}"
EndProject
Project("{FAE04EC0-301F-11D3-BF4B-00C04F79EFBC}") = "NestedLibrary", "NestedLibrary\NestedLibrary.csproj", "{DCDB6C5F-8D8A-4542-8F50-1A72E4D883E8}"
EndProject
Project("{D954291E-2A0B-460D-934E-DC6B0785DB48}") = "StructureMap.Shared", "StructureMap.Shared\StructureMap.Shared.shproj", "{6EB495CA-A997-452B-B113-60B8FDC432EA}"
EndProject
Project("{FAE04EC0-301F-11D3-BF4B-00C04F79EFBC}") = "StructureMap.Dotnet", "StructureMap.Dotnet\StructureMap.Dotnet.csproj", "{57144C5D-7614-45EA-8F8E-07C62709FEA9}"
EndProject
Project("{FAE04EC0-301F-11D3-BF4B-00C04F79EFBC}") = "StructureMap.Testing.ExeWidget", "StructureMap.Testing.ExeWidget\StructureMap.Testing.ExeWidget.csproj", "{3001815E-2766-44D6-AFA1-8FD8F4C400D9}"
EndProject
Global
	GlobalSection(SharedMSBuildProjectFiles) = preSolution
		StructureMap.Shared\StructureMap.Shared.projitems*{3f36ea80-2f9a-4dad-ba27-5ac6163a2ee3}*SharedItemsImports = 4
		StructureMap.Shared\StructureMap.Shared.projitems*{57144c5d-7614-45ea-8f8e-07c62709fea9}*SharedItemsImports = 4
		StructureMap.Shared\StructureMap.Shared.projitems*{6eb495ca-a997-452b-b113-60b8fdc432ea}*SharedItemsImports = 13
	EndGlobalSection
	GlobalSection(SolutionConfigurationPlatforms) = preSolution
		Build|.NET = Build|.NET
		Build|Any CPU = Build|Any CPU
		Build|Mixed Platforms = Build|Mixed Platforms
		Debug|.NET = Debug|.NET
		Debug|Any CPU = Debug|Any CPU
		Debug|Mixed Platforms = Debug|Mixed Platforms
		NET45WP8|.NET = NET45WP8|.NET
		NET45WP8|Any CPU = NET45WP8|Any CPU
		NET45WP8|Mixed Platforms = NET45WP8|Mixed Platforms
		Release|.NET = Release|.NET
		Release|Any CPU = Release|Any CPU
		Release|Mixed Platforms = Release|Mixed Platforms
		ReleaseSign|.NET = ReleaseSign|.NET
		ReleaseSign|Any CPU = ReleaseSign|Any CPU
		ReleaseSign|Mixed Platforms = ReleaseSign|Mixed Platforms
	EndGlobalSection
	GlobalSection(ProjectConfigurationPlatforms) = postSolution
		{3F36EA80-2F9A-4DAD-BA27-5AC6163A2EE3}.Build|.NET.ActiveCfg = Release|Any CPU
		{3F36EA80-2F9A-4DAD-BA27-5AC6163A2EE3}.Build|Any CPU.ActiveCfg = Release|Any CPU
		{3F36EA80-2F9A-4DAD-BA27-5AC6163A2EE3}.Build|Any CPU.Build.0 = Release|Any CPU
		{3F36EA80-2F9A-4DAD-BA27-5AC6163A2EE3}.Build|Mixed Platforms.ActiveCfg = Release|Any CPU
		{3F36EA80-2F9A-4DAD-BA27-5AC6163A2EE3}.Build|Mixed Platforms.Build.0 = Release|Any CPU
		{3F36EA80-2F9A-4DAD-BA27-5AC6163A2EE3}.Debug|.NET.ActiveCfg = Debug|Any CPU
		{3F36EA80-2F9A-4DAD-BA27-5AC6163A2EE3}.Debug|Any CPU.ActiveCfg = Debug|Any CPU
		{3F36EA80-2F9A-4DAD-BA27-5AC6163A2EE3}.Debug|Any CPU.Build.0 = Debug|Any CPU
		{3F36EA80-2F9A-4DAD-BA27-5AC6163A2EE3}.Debug|Mixed Platforms.ActiveCfg = Debug|Any CPU
		{3F36EA80-2F9A-4DAD-BA27-5AC6163A2EE3}.Debug|Mixed Platforms.Build.0 = Debug|Any CPU
		{3F36EA80-2F9A-4DAD-BA27-5AC6163A2EE3}.NET45WP8|.NET.ActiveCfg = NET45WP8|Any CPU
		{3F36EA80-2F9A-4DAD-BA27-5AC6163A2EE3}.NET45WP8|Any CPU.ActiveCfg = NET45WP8|Any CPU
		{3F36EA80-2F9A-4DAD-BA27-5AC6163A2EE3}.NET45WP8|Any CPU.Build.0 = NET45WP8|Any CPU
		{3F36EA80-2F9A-4DAD-BA27-5AC6163A2EE3}.NET45WP8|Mixed Platforms.ActiveCfg = NET45WP8|Any CPU
		{3F36EA80-2F9A-4DAD-BA27-5AC6163A2EE3}.NET45WP8|Mixed Platforms.Build.0 = NET45WP8|Any CPU
		{3F36EA80-2F9A-4DAD-BA27-5AC6163A2EE3}.Release|.NET.ActiveCfg = Release|Any CPU
		{3F36EA80-2F9A-4DAD-BA27-5AC6163A2EE3}.Release|Any CPU.ActiveCfg = Release|Any CPU
		{3F36EA80-2F9A-4DAD-BA27-5AC6163A2EE3}.Release|Any CPU.Build.0 = Release|Any CPU
		{3F36EA80-2F9A-4DAD-BA27-5AC6163A2EE3}.Release|Mixed Platforms.ActiveCfg = Release|Any CPU
		{3F36EA80-2F9A-4DAD-BA27-5AC6163A2EE3}.Release|Mixed Platforms.Build.0 = Release|Any CPU
		{3F36EA80-2F9A-4DAD-BA27-5AC6163A2EE3}.ReleaseSign|.NET.ActiveCfg = ReleaseSign|Any CPU
		{3F36EA80-2F9A-4DAD-BA27-5AC6163A2EE3}.ReleaseSign|Any CPU.ActiveCfg = ReleaseSign|Any CPU
		{3F36EA80-2F9A-4DAD-BA27-5AC6163A2EE3}.ReleaseSign|Any CPU.Build.0 = ReleaseSign|Any CPU
		{3F36EA80-2F9A-4DAD-BA27-5AC6163A2EE3}.ReleaseSign|Mixed Platforms.ActiveCfg = ReleaseSign|Any CPU
		{3F36EA80-2F9A-4DAD-BA27-5AC6163A2EE3}.ReleaseSign|Mixed Platforms.Build.0 = ReleaseSign|Any CPU
		{63C2742D-B6E2-484F-AFDB-346873075C5E}.Build|.NET.ActiveCfg = Release|Any CPU
		{63C2742D-B6E2-484F-AFDB-346873075C5E}.Build|Any CPU.ActiveCfg = Release|Any CPU
		{63C2742D-B6E2-484F-AFDB-346873075C5E}.Build|Any CPU.Build.0 = Release|Any CPU
		{63C2742D-B6E2-484F-AFDB-346873075C5E}.Build|Mixed Platforms.ActiveCfg = Release|Any CPU
		{63C2742D-B6E2-484F-AFDB-346873075C5E}.Build|Mixed Platforms.Build.0 = Release|Any CPU
		{63C2742D-B6E2-484F-AFDB-346873075C5E}.Debug|.NET.ActiveCfg = Debug|Any CPU
		{63C2742D-B6E2-484F-AFDB-346873075C5E}.Debug|Any CPU.ActiveCfg = Debug|Any CPU
		{63C2742D-B6E2-484F-AFDB-346873075C5E}.Debug|Any CPU.Build.0 = Debug|Any CPU
		{63C2742D-B6E2-484F-AFDB-346873075C5E}.Debug|Mixed Platforms.ActiveCfg = Debug|Any CPU
		{63C2742D-B6E2-484F-AFDB-346873075C5E}.Debug|Mixed Platforms.Build.0 = Debug|Any CPU
		{63C2742D-B6E2-484F-AFDB-346873075C5E}.NET45WP8|.NET.ActiveCfg = Debug|Any CPU
		{63C2742D-B6E2-484F-AFDB-346873075C5E}.NET45WP8|Any CPU.ActiveCfg = Debug|Any CPU
		{63C2742D-B6E2-484F-AFDB-346873075C5E}.NET45WP8|Any CPU.Build.0 = Debug|Any CPU
		{63C2742D-B6E2-484F-AFDB-346873075C5E}.NET45WP8|Mixed Platforms.ActiveCfg = Debug|Any CPU
		{63C2742D-B6E2-484F-AFDB-346873075C5E}.Release|.NET.ActiveCfg = Release|Any CPU
		{63C2742D-B6E2-484F-AFDB-346873075C5E}.Release|Any CPU.ActiveCfg = Release|Any CPU
		{63C2742D-B6E2-484F-AFDB-346873075C5E}.Release|Any CPU.Build.0 = Release|Any CPU
		{63C2742D-B6E2-484F-AFDB-346873075C5E}.Release|Mixed Platforms.ActiveCfg = Release|Any CPU
		{63C2742D-B6E2-484F-AFDB-346873075C5E}.Release|Mixed Platforms.Build.0 = Release|Any CPU
		{63C2742D-B6E2-484F-AFDB-346873075C5E}.ReleaseSign|.NET.ActiveCfg = Release|Any CPU
		{63C2742D-B6E2-484F-AFDB-346873075C5E}.ReleaseSign|Any CPU.ActiveCfg = Release|Any CPU
		{63C2742D-B6E2-484F-AFDB-346873075C5E}.ReleaseSign|Any CPU.Build.0 = Release|Any CPU
		{63C2742D-B6E2-484F-AFDB-346873075C5E}.ReleaseSign|Mixed Platforms.ActiveCfg = Release|Any CPU
		{63C2742D-B6E2-484F-AFDB-346873075C5E}.ReleaseSign|Mixed Platforms.Build.0 = Release|Any CPU
		{E21E1651-3E32-47B7-A290-F461E63FEAD2}.Build|.NET.ActiveCfg = Release|Any CPU
		{E21E1651-3E32-47B7-A290-F461E63FEAD2}.Build|Any CPU.ActiveCfg = Release|Any CPU
		{E21E1651-3E32-47B7-A290-F461E63FEAD2}.Build|Any CPU.Build.0 = Release|Any CPU
		{E21E1651-3E32-47B7-A290-F461E63FEAD2}.Build|Mixed Platforms.ActiveCfg = Release|Any CPU
		{E21E1651-3E32-47B7-A290-F461E63FEAD2}.Build|Mixed Platforms.Build.0 = Release|Any CPU
		{E21E1651-3E32-47B7-A290-F461E63FEAD2}.Debug|.NET.ActiveCfg = Debug|Any CPU
		{E21E1651-3E32-47B7-A290-F461E63FEAD2}.Debug|Any CPU.ActiveCfg = Debug|Any CPU
		{E21E1651-3E32-47B7-A290-F461E63FEAD2}.Debug|Any CPU.Build.0 = Debug|Any CPU
		{E21E1651-3E32-47B7-A290-F461E63FEAD2}.Debug|Mixed Platforms.ActiveCfg = Debug|Any CPU
		{E21E1651-3E32-47B7-A290-F461E63FEAD2}.Debug|Mixed Platforms.Build.0 = Debug|Any CPU
		{E21E1651-3E32-47B7-A290-F461E63FEAD2}.NET45WP8|.NET.ActiveCfg = Debug|Any CPU
		{E21E1651-3E32-47B7-A290-F461E63FEAD2}.NET45WP8|Any CPU.ActiveCfg = Debug|Any CPU
		{E21E1651-3E32-47B7-A290-F461E63FEAD2}.NET45WP8|Any CPU.Build.0 = Debug|Any CPU
		{E21E1651-3E32-47B7-A290-F461E63FEAD2}.NET45WP8|Mixed Platforms.ActiveCfg = Debug|Any CPU
		{E21E1651-3E32-47B7-A290-F461E63FEAD2}.Release|.NET.ActiveCfg = Release|Any CPU
		{E21E1651-3E32-47B7-A290-F461E63FEAD2}.Release|Any CPU.ActiveCfg = Release|Any CPU
		{E21E1651-3E32-47B7-A290-F461E63FEAD2}.Release|Any CPU.Build.0 = Release|Any CPU
		{E21E1651-3E32-47B7-A290-F461E63FEAD2}.Release|Mixed Platforms.ActiveCfg = Release|Any CPU
		{E21E1651-3E32-47B7-A290-F461E63FEAD2}.Release|Mixed Platforms.Build.0 = Release|Any CPU
		{E21E1651-3E32-47B7-A290-F461E63FEAD2}.ReleaseSign|.NET.ActiveCfg = Release|Any CPU
		{E21E1651-3E32-47B7-A290-F461E63FEAD2}.ReleaseSign|Any CPU.ActiveCfg = Release|Any CPU
		{E21E1651-3E32-47B7-A290-F461E63FEAD2}.ReleaseSign|Any CPU.Build.0 = Release|Any CPU
		{E21E1651-3E32-47B7-A290-F461E63FEAD2}.ReleaseSign|Mixed Platforms.ActiveCfg = Release|Any CPU
		{E21E1651-3E32-47B7-A290-F461E63FEAD2}.ReleaseSign|Mixed Platforms.Build.0 = Release|Any CPU
		{027E996C-75E8-40F8-9073-0E3B77A6BE1F}.Build|.NET.ActiveCfg = Release|Any CPU
		{027E996C-75E8-40F8-9073-0E3B77A6BE1F}.Build|Any CPU.ActiveCfg = Release|Any CPU
		{027E996C-75E8-40F8-9073-0E3B77A6BE1F}.Build|Any CPU.Build.0 = Release|Any CPU
		{027E996C-75E8-40F8-9073-0E3B77A6BE1F}.Build|Mixed Platforms.ActiveCfg = Release|Any CPU
		{027E996C-75E8-40F8-9073-0E3B77A6BE1F}.Build|Mixed Platforms.Build.0 = Release|Any CPU
		{027E996C-75E8-40F8-9073-0E3B77A6BE1F}.Debug|.NET.ActiveCfg = Debug|Any CPU
		{027E996C-75E8-40F8-9073-0E3B77A6BE1F}.Debug|Any CPU.ActiveCfg = Debug|Any CPU
		{027E996C-75E8-40F8-9073-0E3B77A6BE1F}.Debug|Any CPU.Build.0 = Debug|Any CPU
		{027E996C-75E8-40F8-9073-0E3B77A6BE1F}.Debug|Mixed Platforms.ActiveCfg = Debug|Any CPU
		{027E996C-75E8-40F8-9073-0E3B77A6BE1F}.Debug|Mixed Platforms.Build.0 = Debug|Any CPU
		{027E996C-75E8-40F8-9073-0E3B77A6BE1F}.NET45WP8|.NET.ActiveCfg = Debug|Any CPU
		{027E996C-75E8-40F8-9073-0E3B77A6BE1F}.NET45WP8|Any CPU.ActiveCfg = Debug|Any CPU
		{027E996C-75E8-40F8-9073-0E3B77A6BE1F}.NET45WP8|Any CPU.Build.0 = Debug|Any CPU
		{027E996C-75E8-40F8-9073-0E3B77A6BE1F}.NET45WP8|Mixed Platforms.ActiveCfg = Debug|Any CPU
		{027E996C-75E8-40F8-9073-0E3B77A6BE1F}.Release|.NET.ActiveCfg = Release|Any CPU
		{027E996C-75E8-40F8-9073-0E3B77A6BE1F}.Release|Any CPU.ActiveCfg = Release|Any CPU
		{027E996C-75E8-40F8-9073-0E3B77A6BE1F}.Release|Any CPU.Build.0 = Release|Any CPU
		{027E996C-75E8-40F8-9073-0E3B77A6BE1F}.Release|Mixed Platforms.ActiveCfg = Release|Any CPU
		{027E996C-75E8-40F8-9073-0E3B77A6BE1F}.Release|Mixed Platforms.Build.0 = Release|Any CPU
		{027E996C-75E8-40F8-9073-0E3B77A6BE1F}.ReleaseSign|.NET.ActiveCfg = Release|Any CPU
		{027E996C-75E8-40F8-9073-0E3B77A6BE1F}.ReleaseSign|Any CPU.ActiveCfg = Release|Any CPU
		{027E996C-75E8-40F8-9073-0E3B77A6BE1F}.ReleaseSign|Any CPU.Build.0 = Release|Any CPU
		{027E996C-75E8-40F8-9073-0E3B77A6BE1F}.ReleaseSign|Mixed Platforms.ActiveCfg = Release|Any CPU
		{027E996C-75E8-40F8-9073-0E3B77A6BE1F}.ReleaseSign|Mixed Platforms.Build.0 = Release|Any CPU
		{C8878328-281F-4F4F-8D6E-88C60F304B89}.Build|.NET.ActiveCfg = Release|Any CPU
		{C8878328-281F-4F4F-8D6E-88C60F304B89}.Build|Any CPU.ActiveCfg = Release|Any CPU
		{C8878328-281F-4F4F-8D6E-88C60F304B89}.Build|Any CPU.Build.0 = Release|Any CPU
		{C8878328-281F-4F4F-8D6E-88C60F304B89}.Build|Mixed Platforms.ActiveCfg = Release|Any CPU
		{C8878328-281F-4F4F-8D6E-88C60F304B89}.Build|Mixed Platforms.Build.0 = Release|Any CPU
		{C8878328-281F-4F4F-8D6E-88C60F304B89}.Debug|.NET.ActiveCfg = Debug|Any CPU
		{C8878328-281F-4F4F-8D6E-88C60F304B89}.Debug|Any CPU.ActiveCfg = Debug|Any CPU
		{C8878328-281F-4F4F-8D6E-88C60F304B89}.Debug|Any CPU.Build.0 = Debug|Any CPU
		{C8878328-281F-4F4F-8D6E-88C60F304B89}.Debug|Mixed Platforms.ActiveCfg = Debug|Any CPU
		{C8878328-281F-4F4F-8D6E-88C60F304B89}.Debug|Mixed Platforms.Build.0 = Debug|Any CPU
		{C8878328-281F-4F4F-8D6E-88C60F304B89}.NET45WP8|.NET.ActiveCfg = Debug|Any CPU
		{C8878328-281F-4F4F-8D6E-88C60F304B89}.NET45WP8|Any CPU.ActiveCfg = Debug|Any CPU
		{C8878328-281F-4F4F-8D6E-88C60F304B89}.NET45WP8|Any CPU.Build.0 = Debug|Any CPU
		{C8878328-281F-4F4F-8D6E-88C60F304B89}.NET45WP8|Mixed Platforms.ActiveCfg = Debug|Any CPU
		{C8878328-281F-4F4F-8D6E-88C60F304B89}.Release|.NET.ActiveCfg = Release|Any CPU
		{C8878328-281F-4F4F-8D6E-88C60F304B89}.Release|Any CPU.ActiveCfg = Release|Any CPU
		{C8878328-281F-4F4F-8D6E-88C60F304B89}.Release|Any CPU.Build.0 = Release|Any CPU
		{C8878328-281F-4F4F-8D6E-88C60F304B89}.Release|Mixed Platforms.ActiveCfg = Release|Any CPU
		{C8878328-281F-4F4F-8D6E-88C60F304B89}.Release|Mixed Platforms.Build.0 = Release|Any CPU
		{C8878328-281F-4F4F-8D6E-88C60F304B89}.ReleaseSign|.NET.ActiveCfg = Release|Any CPU
		{C8878328-281F-4F4F-8D6E-88C60F304B89}.ReleaseSign|Any CPU.ActiveCfg = Release|Any CPU
		{C8878328-281F-4F4F-8D6E-88C60F304B89}.ReleaseSign|Any CPU.Build.0 = Release|Any CPU
		{C8878328-281F-4F4F-8D6E-88C60F304B89}.ReleaseSign|Mixed Platforms.ActiveCfg = Release|Any CPU
		{C8878328-281F-4F4F-8D6E-88C60F304B89}.ReleaseSign|Mixed Platforms.Build.0 = Release|Any CPU
		{901D15CB-EF37-4F84-864B-E70F4B5F1DFF}.Build|.NET.ActiveCfg = Release|Any CPU
		{901D15CB-EF37-4F84-864B-E70F4B5F1DFF}.Build|Any CPU.ActiveCfg = Release|Any CPU
		{901D15CB-EF37-4F84-864B-E70F4B5F1DFF}.Build|Any CPU.Build.0 = Release|Any CPU
		{901D15CB-EF37-4F84-864B-E70F4B5F1DFF}.Build|Mixed Platforms.ActiveCfg = Release|Any CPU
		{901D15CB-EF37-4F84-864B-E70F4B5F1DFF}.Build|Mixed Platforms.Build.0 = Release|Any CPU
		{901D15CB-EF37-4F84-864B-E70F4B5F1DFF}.Debug|.NET.ActiveCfg = Debug|Any CPU
		{901D15CB-EF37-4F84-864B-E70F4B5F1DFF}.Debug|Any CPU.ActiveCfg = Debug|Any CPU
		{901D15CB-EF37-4F84-864B-E70F4B5F1DFF}.Debug|Any CPU.Build.0 = Debug|Any CPU
		{901D15CB-EF37-4F84-864B-E70F4B5F1DFF}.Debug|Mixed Platforms.ActiveCfg = Debug|Any CPU
		{901D15CB-EF37-4F84-864B-E70F4B5F1DFF}.Debug|Mixed Platforms.Build.0 = Debug|Any CPU
		{901D15CB-EF37-4F84-864B-E70F4B5F1DFF}.NET45WP8|.NET.ActiveCfg = Debug|Any CPU
		{901D15CB-EF37-4F84-864B-E70F4B5F1DFF}.NET45WP8|Any CPU.ActiveCfg = Debug|Any CPU
		{901D15CB-EF37-4F84-864B-E70F4B5F1DFF}.NET45WP8|Any CPU.Build.0 = Debug|Any CPU
		{901D15CB-EF37-4F84-864B-E70F4B5F1DFF}.NET45WP8|Mixed Platforms.ActiveCfg = Debug|Any CPU
		{901D15CB-EF37-4F84-864B-E70F4B5F1DFF}.Release|.NET.ActiveCfg = Release|Any CPU
		{901D15CB-EF37-4F84-864B-E70F4B5F1DFF}.Release|Any CPU.ActiveCfg = Release|Any CPU
		{901D15CB-EF37-4F84-864B-E70F4B5F1DFF}.Release|Any CPU.Build.0 = Release|Any CPU
		{901D15CB-EF37-4F84-864B-E70F4B5F1DFF}.Release|Mixed Platforms.ActiveCfg = Release|Any CPU
		{901D15CB-EF37-4F84-864B-E70F4B5F1DFF}.Release|Mixed Platforms.Build.0 = Release|Any CPU
		{901D15CB-EF37-4F84-864B-E70F4B5F1DFF}.ReleaseSign|.NET.ActiveCfg = Release|Any CPU
		{901D15CB-EF37-4F84-864B-E70F4B5F1DFF}.ReleaseSign|Any CPU.ActiveCfg = Release|Any CPU
		{901D15CB-EF37-4F84-864B-E70F4B5F1DFF}.ReleaseSign|Any CPU.Build.0 = Release|Any CPU
		{901D15CB-EF37-4F84-864B-E70F4B5F1DFF}.ReleaseSign|Mixed Platforms.ActiveCfg = Release|Any CPU
		{901D15CB-EF37-4F84-864B-E70F4B5F1DFF}.ReleaseSign|Mixed Platforms.Build.0 = Release|Any CPU
		{CAB97F7F-FB75-410C-898A-88DCAAC036BE}.Build|.NET.ActiveCfg = Release|Any CPU
		{CAB97F7F-FB75-410C-898A-88DCAAC036BE}.Build|Any CPU.ActiveCfg = Release|Any CPU
		{CAB97F7F-FB75-410C-898A-88DCAAC036BE}.Build|Any CPU.Build.0 = Release|Any CPU
		{CAB97F7F-FB75-410C-898A-88DCAAC036BE}.Build|Mixed Platforms.ActiveCfg = Release|Any CPU
		{CAB97F7F-FB75-410C-898A-88DCAAC036BE}.Build|Mixed Platforms.Build.0 = Release|Any CPU
		{CAB97F7F-FB75-410C-898A-88DCAAC036BE}.Debug|.NET.ActiveCfg = Debug|Any CPU
		{CAB97F7F-FB75-410C-898A-88DCAAC036BE}.Debug|Any CPU.ActiveCfg = Debug|Any CPU
		{CAB97F7F-FB75-410C-898A-88DCAAC036BE}.Debug|Any CPU.Build.0 = Debug|Any CPU
		{CAB97F7F-FB75-410C-898A-88DCAAC036BE}.Debug|Mixed Platforms.ActiveCfg = Debug|Any CPU
		{CAB97F7F-FB75-410C-898A-88DCAAC036BE}.Debug|Mixed Platforms.Build.0 = Debug|Any CPU
		{CAB97F7F-FB75-410C-898A-88DCAAC036BE}.NET45WP8|.NET.ActiveCfg = Debug|Any CPU
		{CAB97F7F-FB75-410C-898A-88DCAAC036BE}.NET45WP8|Any CPU.ActiveCfg = Debug|Any CPU
		{CAB97F7F-FB75-410C-898A-88DCAAC036BE}.NET45WP8|Any CPU.Build.0 = Debug|Any CPU
		{CAB97F7F-FB75-410C-898A-88DCAAC036BE}.NET45WP8|Mixed Platforms.ActiveCfg = Debug|Any CPU
		{CAB97F7F-FB75-410C-898A-88DCAAC036BE}.Release|.NET.ActiveCfg = Release|Any CPU
		{CAB97F7F-FB75-410C-898A-88DCAAC036BE}.Release|Any CPU.ActiveCfg = Release|Any CPU
		{CAB97F7F-FB75-410C-898A-88DCAAC036BE}.Release|Any CPU.Build.0 = Release|Any CPU
		{CAB97F7F-FB75-410C-898A-88DCAAC036BE}.Release|Mixed Platforms.ActiveCfg = Release|Any CPU
		{CAB97F7F-FB75-410C-898A-88DCAAC036BE}.Release|Mixed Platforms.Build.0 = Release|Any CPU
		{CAB97F7F-FB75-410C-898A-88DCAAC036BE}.ReleaseSign|.NET.ActiveCfg = Release|Any CPU
		{CAB97F7F-FB75-410C-898A-88DCAAC036BE}.ReleaseSign|Any CPU.ActiveCfg = Release|Any CPU
		{CAB97F7F-FB75-410C-898A-88DCAAC036BE}.ReleaseSign|Any CPU.Build.0 = Release|Any CPU
		{CAB97F7F-FB75-410C-898A-88DCAAC036BE}.ReleaseSign|Mixed Platforms.ActiveCfg = Release|Any CPU
		{CAB97F7F-FB75-410C-898A-88DCAAC036BE}.ReleaseSign|Mixed Platforms.Build.0 = Release|Any CPU
		{C205EA4C-4CD0-4221-A3CB-AFD835F0B263}.Build|.NET.ActiveCfg = Release|Any CPU
		{C205EA4C-4CD0-4221-A3CB-AFD835F0B263}.Build|Any CPU.ActiveCfg = Release|Any CPU
		{C205EA4C-4CD0-4221-A3CB-AFD835F0B263}.Build|Any CPU.Build.0 = Release|Any CPU
		{C205EA4C-4CD0-4221-A3CB-AFD835F0B263}.Build|Mixed Platforms.ActiveCfg = Release|Any CPU
		{C205EA4C-4CD0-4221-A3CB-AFD835F0B263}.Build|Mixed Platforms.Build.0 = Release|Any CPU
		{C205EA4C-4CD0-4221-A3CB-AFD835F0B263}.Debug|.NET.ActiveCfg = Debug|Any CPU
		{C205EA4C-4CD0-4221-A3CB-AFD835F0B263}.Debug|Any CPU.ActiveCfg = Debug|Any CPU
		{C205EA4C-4CD0-4221-A3CB-AFD835F0B263}.Debug|Any CPU.Build.0 = Debug|Any CPU
		{C205EA4C-4CD0-4221-A3CB-AFD835F0B263}.Debug|Mixed Platforms.ActiveCfg = Debug|Any CPU
		{C205EA4C-4CD0-4221-A3CB-AFD835F0B263}.Debug|Mixed Platforms.Build.0 = Debug|Any CPU
		{C205EA4C-4CD0-4221-A3CB-AFD835F0B263}.NET45WP8|.NET.ActiveCfg = Debug|Any CPU
		{C205EA4C-4CD0-4221-A3CB-AFD835F0B263}.NET45WP8|Any CPU.ActiveCfg = Debug|Any CPU
		{C205EA4C-4CD0-4221-A3CB-AFD835F0B263}.NET45WP8|Any CPU.Build.0 = Debug|Any CPU
		{C205EA4C-4CD0-4221-A3CB-AFD835F0B263}.NET45WP8|Mixed Platforms.ActiveCfg = Debug|Any CPU
		{C205EA4C-4CD0-4221-A3CB-AFD835F0B263}.Release|.NET.ActiveCfg = Release|Any CPU
		{C205EA4C-4CD0-4221-A3CB-AFD835F0B263}.Release|Any CPU.ActiveCfg = Release|Any CPU
		{C205EA4C-4CD0-4221-A3CB-AFD835F0B263}.Release|Any CPU.Build.0 = Release|Any CPU
		{C205EA4C-4CD0-4221-A3CB-AFD835F0B263}.Release|Mixed Platforms.ActiveCfg = Release|Any CPU
		{C205EA4C-4CD0-4221-A3CB-AFD835F0B263}.Release|Mixed Platforms.Build.0 = Release|Any CPU
		{C205EA4C-4CD0-4221-A3CB-AFD835F0B263}.ReleaseSign|.NET.ActiveCfg = Release|Any CPU
		{C205EA4C-4CD0-4221-A3CB-AFD835F0B263}.ReleaseSign|Any CPU.ActiveCfg = Release|Any CPU
		{C205EA4C-4CD0-4221-A3CB-AFD835F0B263}.ReleaseSign|Any CPU.Build.0 = Release|Any CPU
		{C205EA4C-4CD0-4221-A3CB-AFD835F0B263}.ReleaseSign|Mixed Platforms.ActiveCfg = Release|Any CPU
		{C205EA4C-4CD0-4221-A3CB-AFD835F0B263}.ReleaseSign|Mixed Platforms.Build.0 = Release|Any CPU
		{6D812B81-CF2E-4DF1-9F73-BC19E5A6A019}.Build|.NET.ActiveCfg = Release|Any CPU
		{6D812B81-CF2E-4DF1-9F73-BC19E5A6A019}.Build|Any CPU.ActiveCfg = Release|Any CPU
		{6D812B81-CF2E-4DF1-9F73-BC19E5A6A019}.Build|Any CPU.Build.0 = Release|Any CPU
		{6D812B81-CF2E-4DF1-9F73-BC19E5A6A019}.Build|Mixed Platforms.ActiveCfg = Release|Any CPU
		{6D812B81-CF2E-4DF1-9F73-BC19E5A6A019}.Build|Mixed Platforms.Build.0 = Release|Any CPU
		{6D812B81-CF2E-4DF1-9F73-BC19E5A6A019}.Debug|.NET.ActiveCfg = Debug|Any CPU
		{6D812B81-CF2E-4DF1-9F73-BC19E5A6A019}.Debug|Any CPU.ActiveCfg = Debug|Any CPU
		{6D812B81-CF2E-4DF1-9F73-BC19E5A6A019}.Debug|Any CPU.Build.0 = Debug|Any CPU
		{6D812B81-CF2E-4DF1-9F73-BC19E5A6A019}.Debug|Mixed Platforms.ActiveCfg = Debug|Any CPU
		{6D812B81-CF2E-4DF1-9F73-BC19E5A6A019}.Debug|Mixed Platforms.Build.0 = Debug|Any CPU
		{6D812B81-CF2E-4DF1-9F73-BC19E5A6A019}.NET45WP8|.NET.ActiveCfg = Debug|Any CPU
		{6D812B81-CF2E-4DF1-9F73-BC19E5A6A019}.NET45WP8|Any CPU.ActiveCfg = Debug|Any CPU
		{6D812B81-CF2E-4DF1-9F73-BC19E5A6A019}.NET45WP8|Any CPU.Build.0 = Debug|Any CPU
		{6D812B81-CF2E-4DF1-9F73-BC19E5A6A019}.NET45WP8|Mixed Platforms.ActiveCfg = Debug|Any CPU
		{6D812B81-CF2E-4DF1-9F73-BC19E5A6A019}.Release|.NET.ActiveCfg = Release|Any CPU
		{6D812B81-CF2E-4DF1-9F73-BC19E5A6A019}.Release|Any CPU.ActiveCfg = Release|Any CPU
		{6D812B81-CF2E-4DF1-9F73-BC19E5A6A019}.Release|Any CPU.Build.0 = Release|Any CPU
		{6D812B81-CF2E-4DF1-9F73-BC19E5A6A019}.Release|Mixed Platforms.ActiveCfg = Release|Any CPU
		{6D812B81-CF2E-4DF1-9F73-BC19E5A6A019}.Release|Mixed Platforms.Build.0 = Release|Any CPU
		{6D812B81-CF2E-4DF1-9F73-BC19E5A6A019}.ReleaseSign|.NET.ActiveCfg = ReleaseSign|Any CPU
		{6D812B81-CF2E-4DF1-9F73-BC19E5A6A019}.ReleaseSign|Any CPU.ActiveCfg = ReleaseSign|Any CPU
		{6D812B81-CF2E-4DF1-9F73-BC19E5A6A019}.ReleaseSign|Any CPU.Build.0 = ReleaseSign|Any CPU
		{6D812B81-CF2E-4DF1-9F73-BC19E5A6A019}.ReleaseSign|Mixed Platforms.ActiveCfg = ReleaseSign|Any CPU
		{6D812B81-CF2E-4DF1-9F73-BC19E5A6A019}.ReleaseSign|Mixed Platforms.Build.0 = ReleaseSign|Any CPU
		{DCDB6C5F-8D8A-4542-8F50-1A72E4D883E8}.Build|.NET.ActiveCfg = Release|Any CPU
		{DCDB6C5F-8D8A-4542-8F50-1A72E4D883E8}.Build|Any CPU.ActiveCfg = Release|Any CPU
		{DCDB6C5F-8D8A-4542-8F50-1A72E4D883E8}.Build|Any CPU.Build.0 = Release|Any CPU
		{DCDB6C5F-8D8A-4542-8F50-1A72E4D883E8}.Build|Mixed Platforms.ActiveCfg = Release|Any CPU
		{DCDB6C5F-8D8A-4542-8F50-1A72E4D883E8}.Build|Mixed Platforms.Build.0 = Release|Any CPU
		{DCDB6C5F-8D8A-4542-8F50-1A72E4D883E8}.Debug|.NET.ActiveCfg = Debug|Any CPU
		{DCDB6C5F-8D8A-4542-8F50-1A72E4D883E8}.Debug|Any CPU.ActiveCfg = Debug|Any CPU
		{DCDB6C5F-8D8A-4542-8F50-1A72E4D883E8}.Debug|Any CPU.Build.0 = Debug|Any CPU
		{DCDB6C5F-8D8A-4542-8F50-1A72E4D883E8}.Debug|Mixed Platforms.ActiveCfg = Debug|Any CPU
		{DCDB6C5F-8D8A-4542-8F50-1A72E4D883E8}.Debug|Mixed Platforms.Build.0 = Debug|Any CPU
		{DCDB6C5F-8D8A-4542-8F50-1A72E4D883E8}.NET45WP8|.NET.ActiveCfg = Release|Any CPU
		{DCDB6C5F-8D8A-4542-8F50-1A72E4D883E8}.NET45WP8|Any CPU.ActiveCfg = Release|Any CPU
		{DCDB6C5F-8D8A-4542-8F50-1A72E4D883E8}.NET45WP8|Any CPU.Build.0 = Release|Any CPU
		{DCDB6C5F-8D8A-4542-8F50-1A72E4D883E8}.NET45WP8|Mixed Platforms.ActiveCfg = Release|Any CPU
		{DCDB6C5F-8D8A-4542-8F50-1A72E4D883E8}.Release|.NET.ActiveCfg = Release|Any CPU
		{DCDB6C5F-8D8A-4542-8F50-1A72E4D883E8}.Release|Any CPU.ActiveCfg = Release|Any CPU
		{DCDB6C5F-8D8A-4542-8F50-1A72E4D883E8}.Release|Any CPU.Build.0 = Release|Any CPU
		{DCDB6C5F-8D8A-4542-8F50-1A72E4D883E8}.Release|Mixed Platforms.ActiveCfg = Release|Any CPU
		{DCDB6C5F-8D8A-4542-8F50-1A72E4D883E8}.Release|Mixed Platforms.Build.0 = Release|Any CPU
		{DCDB6C5F-8D8A-4542-8F50-1A72E4D883E8}.ReleaseSign|.NET.ActiveCfg = Release|Any CPU
		{DCDB6C5F-8D8A-4542-8F50-1A72E4D883E8}.ReleaseSign|Any CPU.ActiveCfg = Release|Any CPU
		{DCDB6C5F-8D8A-4542-8F50-1A72E4D883E8}.ReleaseSign|Any CPU.Build.0 = Release|Any CPU
		{DCDB6C5F-8D8A-4542-8F50-1A72E4D883E8}.ReleaseSign|Mixed Platforms.ActiveCfg = Release|Any CPU
		{DCDB6C5F-8D8A-4542-8F50-1A72E4D883E8}.ReleaseSign|Mixed Platforms.Build.0 = Release|Any CPU
		{57144C5D-7614-45EA-8F8E-07C62709FEA9}.Build|.NET.ActiveCfg = Release|Any CPU
		{57144C5D-7614-45EA-8F8E-07C62709FEA9}.Build|.NET.Build.0 = Release|Any CPU
		{57144C5D-7614-45EA-8F8E-07C62709FEA9}.Build|Any CPU.ActiveCfg = Release|Any CPU
		{57144C5D-7614-45EA-8F8E-07C62709FEA9}.Build|Any CPU.Build.0 = Release|Any CPU
		{57144C5D-7614-45EA-8F8E-07C62709FEA9}.Build|Mixed Platforms.ActiveCfg = Release|Any CPU
		{57144C5D-7614-45EA-8F8E-07C62709FEA9}.Build|Mixed Platforms.Build.0 = Release|Any CPU
		{57144C5D-7614-45EA-8F8E-07C62709FEA9}.Debug|.NET.ActiveCfg = Debug|Any CPU
		{57144C5D-7614-45EA-8F8E-07C62709FEA9}.Debug|.NET.Build.0 = Debug|Any CPU
		{57144C5D-7614-45EA-8F8E-07C62709FEA9}.Debug|Any CPU.ActiveCfg = Debug|Any CPU
		{57144C5D-7614-45EA-8F8E-07C62709FEA9}.Debug|Any CPU.Build.0 = Debug|Any CPU
		{57144C5D-7614-45EA-8F8E-07C62709FEA9}.Debug|Mixed Platforms.ActiveCfg = Debug|Any CPU
		{57144C5D-7614-45EA-8F8E-07C62709FEA9}.Debug|Mixed Platforms.Build.0 = Debug|Any CPU
		{57144C5D-7614-45EA-8F8E-07C62709FEA9}.NET45WP8|.NET.ActiveCfg = Release|Any CPU
		{57144C5D-7614-45EA-8F8E-07C62709FEA9}.NET45WP8|.NET.Build.0 = Release|Any CPU
		{57144C5D-7614-45EA-8F8E-07C62709FEA9}.NET45WP8|Any CPU.ActiveCfg = Release|Any CPU
		{57144C5D-7614-45EA-8F8E-07C62709FEA9}.NET45WP8|Any CPU.Build.0 = Release|Any CPU
		{57144C5D-7614-45EA-8F8E-07C62709FEA9}.NET45WP8|Mixed Platforms.ActiveCfg = Release|Any CPU
		{57144C5D-7614-45EA-8F8E-07C62709FEA9}.NET45WP8|Mixed Platforms.Build.0 = Release|Any CPU
		{57144C5D-7614-45EA-8F8E-07C62709FEA9}.Release|.NET.ActiveCfg = Release|Any CPU
		{57144C5D-7614-45EA-8F8E-07C62709FEA9}.Release|.NET.Build.0 = Release|Any CPU
		{57144C5D-7614-45EA-8F8E-07C62709FEA9}.Release|Any CPU.ActiveCfg = Release|Any CPU
		{57144C5D-7614-45EA-8F8E-07C62709FEA9}.Release|Any CPU.Build.0 = Release|Any CPU
		{57144C5D-7614-45EA-8F8E-07C62709FEA9}.Release|Mixed Platforms.ActiveCfg = Release|Any CPU
		{57144C5D-7614-45EA-8F8E-07C62709FEA9}.Release|Mixed Platforms.Build.0 = Release|Any CPU
		{57144C5D-7614-45EA-8F8E-07C62709FEA9}.ReleaseSign|.NET.ActiveCfg = Release|Any CPU
		{57144C5D-7614-45EA-8F8E-07C62709FEA9}.ReleaseSign|.NET.Build.0 = Release|Any CPU
		{57144C5D-7614-45EA-8F8E-07C62709FEA9}.ReleaseSign|Any CPU.ActiveCfg = Release|Any CPU
		{57144C5D-7614-45EA-8F8E-07C62709FEA9}.ReleaseSign|Any CPU.Build.0 = Release|Any CPU
		{57144C5D-7614-45EA-8F8E-07C62709FEA9}.ReleaseSign|Mixed Platforms.ActiveCfg = Release|Any CPU
		{57144C5D-7614-45EA-8F8E-07C62709FEA9}.ReleaseSign|Mixed Platforms.Build.0 = Release|Any CPU
		{3001815E-2766-44D6-AFA1-8FD8F4C400D9}.Build|.NET.ActiveCfg = Release|Any CPU
		{3001815E-2766-44D6-AFA1-8FD8F4C400D9}.Build|.NET.Build.0 = Release|Any CPU
		{3001815E-2766-44D6-AFA1-8FD8F4C400D9}.Build|Any CPU.ActiveCfg = Release|Any CPU
		{3001815E-2766-44D6-AFA1-8FD8F4C400D9}.Build|Any CPU.Build.0 = Release|Any CPU
		{3001815E-2766-44D6-AFA1-8FD8F4C400D9}.Build|Mixed Platforms.ActiveCfg = Release|Any CPU
		{3001815E-2766-44D6-AFA1-8FD8F4C400D9}.Build|Mixed Platforms.Build.0 = Release|Any CPU
		{3001815E-2766-44D6-AFA1-8FD8F4C400D9}.Debug|.NET.ActiveCfg = Debug|Any CPU
		{3001815E-2766-44D6-AFA1-8FD8F4C400D9}.Debug|.NET.Build.0 = Debug|Any CPU
		{3001815E-2766-44D6-AFA1-8FD8F4C400D9}.Debug|Any CPU.ActiveCfg = Debug|Any CPU
		{3001815E-2766-44D6-AFA1-8FD8F4C400D9}.Debug|Any CPU.Build.0 = Debug|Any CPU
		{3001815E-2766-44D6-AFA1-8FD8F4C400D9}.Debug|Mixed Platforms.ActiveCfg = Debug|Any CPU
		{3001815E-2766-44D6-AFA1-8FD8F4C400D9}.Debug|Mixed Platforms.Build.0 = Debug|Any CPU
		{3001815E-2766-44D6-AFA1-8FD8F4C400D9}.NET45WP8|.NET.ActiveCfg = Release|Any CPU
		{3001815E-2766-44D6-AFA1-8FD8F4C400D9}.NET45WP8|.NET.Build.0 = Release|Any CPU
		{3001815E-2766-44D6-AFA1-8FD8F4C400D9}.NET45WP8|Any CPU.ActiveCfg = Release|Any CPU
		{3001815E-2766-44D6-AFA1-8FD8F4C400D9}.NET45WP8|Any CPU.Build.0 = Release|Any CPU
		{3001815E-2766-44D6-AFA1-8FD8F4C400D9}.NET45WP8|Mixed Platforms.ActiveCfg = Release|Any CPU
		{3001815E-2766-44D6-AFA1-8FD8F4C400D9}.NET45WP8|Mixed Platforms.Build.0 = Release|Any CPU
		{3001815E-2766-44D6-AFA1-8FD8F4C400D9}.Release|.NET.ActiveCfg = Release|Any CPU
		{3001815E-2766-44D6-AFA1-8FD8F4C400D9}.Release|.NET.Build.0 = Release|Any CPU
		{3001815E-2766-44D6-AFA1-8FD8F4C400D9}.Release|Any CPU.ActiveCfg = Release|Any CPU
		{3001815E-2766-44D6-AFA1-8FD8F4C400D9}.Release|Any CPU.Build.0 = Release|Any CPU
		{3001815E-2766-44D6-AFA1-8FD8F4C400D9}.Release|Mixed Platforms.ActiveCfg = Release|Any CPU
		{3001815E-2766-44D6-AFA1-8FD8F4C400D9}.Release|Mixed Platforms.Build.0 = Release|Any CPU
		{3001815E-2766-44D6-AFA1-8FD8F4C400D9}.ReleaseSign|.NET.ActiveCfg = Release|Any CPU
		{3001815E-2766-44D6-AFA1-8FD8F4C400D9}.ReleaseSign|.NET.Build.0 = Release|Any CPU
		{3001815E-2766-44D6-AFA1-8FD8F4C400D9}.ReleaseSign|Any CPU.ActiveCfg = Release|Any CPU
		{3001815E-2766-44D6-AFA1-8FD8F4C400D9}.ReleaseSign|Any CPU.Build.0 = Release|Any CPU
		{3001815E-2766-44D6-AFA1-8FD8F4C400D9}.ReleaseSign|Mixed Platforms.ActiveCfg = Release|Any CPU
		{3001815E-2766-44D6-AFA1-8FD8F4C400D9}.ReleaseSign|Mixed Platforms.Build.0 = Release|Any CPU
	EndGlobalSection
	GlobalSection(SolutionProperties) = preSolution
		HideSolutionNode = FALSE
	EndGlobalSection
	GlobalSection(NestedProjects) = preSolution
		{E21E1651-3E32-47B7-A290-F461E63FEAD2} = {E1C10209-160D-4054-ACB7-478A9FDCF84C}
		{027E996C-75E8-40F8-9073-0E3B77A6BE1F} = {E1C10209-160D-4054-ACB7-478A9FDCF84C}
		{C8878328-281F-4F4F-8D6E-88C60F304B89} = {E1C10209-160D-4054-ACB7-478A9FDCF84C}
		{901D15CB-EF37-4F84-864B-E70F4B5F1DFF} = {E1C10209-160D-4054-ACB7-478A9FDCF84C}
		{CAB97F7F-FB75-410C-898A-88DCAAC036BE} = {E1C10209-160D-4054-ACB7-478A9FDCF84C}
		{C205EA4C-4CD0-4221-A3CB-AFD835F0B263} = {E1C10209-160D-4054-ACB7-478A9FDCF84C}
		{DCDB6C5F-8D8A-4542-8F50-1A72E4D883E8} = {E1C10209-160D-4054-ACB7-478A9FDCF84C}
		{3001815E-2766-44D6-AFA1-8FD8F4C400D9} = {E1C10209-160D-4054-ACB7-478A9FDCF84C}
	EndGlobalSection
EndGlobal
