Microsoft Visual Studio Solution File, Format Version 11.00
# Visual Studio 2010
Project("{2150E333-8FDC-42A3-9474-1A3956D46DE8}") = "Solution Items", "Solution Items", "{93877CE0-BA48-4F28-B372-B8E802CEE085}"
	ProjectSection(SolutionItems) = preProject
		..\Docs\Attributes.htm = ..\Docs\Attributes.htm
		..\Docs\Basic Architecture.htm = ..\Docs\Basic Architecture.htm
		CommonAssemblyInfo.cs = CommonAssemblyInfo.cs
		..\Docs\Concepts.htm = ..\Docs\Concepts.htm
		..\Docs\Configuration.htm = ..\Docs\Configuration.htm
		..\Docs\ConfigurationManagement.htm = ..\Docs\ConfigurationManagement.htm
		..\cruise.build = ..\cruise.build
		..\Docs\Default.htm = ..\Docs\Default.htm
		..\Deploy.build = ..\Deploy.build
		..\Docs\FAQ.htm = ..\Docs\FAQ.htm
		..\rakefile.rb = ..\rakefile.rb
		..\Docs\Scoping.htm = ..\Docs\Scoping.htm
		..\Docs\SingletonInjection.htm = ..\Docs\SingletonInjection.htm
		..\Docs\structuremap.deployment.htm = ..\Docs\structuremap.deployment.htm
		StructureMap.ndoc = StructureMap.ndoc
		structuremap.snk = structuremap.snk
		..\Docs\structuremap.verification.htm = ..\Docs\structuremap.verification.htm
		..\Docs\StructureMap.vsd = ..\Docs\StructureMap.vsd
		..\Docs\StructureMapDoctor.htm = ..\Docs\StructureMapDoctor.htm
		..\Docs\style.css = ..\Docs\style.css
		..\Docs\Troubleshooting.htm = ..\Docs\Troubleshooting.htm
		..\Docs\ValidationAttribute.htm = ..\Docs\ValidationAttribute.htm
	EndProjectSection
EndProject
Project("{2150E333-8FDC-42A3-9474-1A3956D46DE8}") = "Widgets", "Widgets", "{E1C10209-160D-4054-ACB7-478A9FDCF84C}"
EndProject
Project("{FAE04EC0-301F-11D3-BF4B-00C04F79EFBC}") = "StructureMap", "StructureMap\StructureMap.csproj", "{3F36EA80-2F9A-4DAD-BA27-5AC6163A2EE3}"
EndProject
Project("{FAE04EC0-301F-11D3-BF4B-00C04F79EFBC}") = "StructureMap.Testing", "StructureMap.Testing\StructureMap.Testing.csproj", "{63C2742D-B6E2-484F-AFDB-346873075C5E}"
EndProject
Project("{FAE04EC0-301F-11D3-BF4B-00C04F79EFBC}") = "StructureMap.Testing.Widget", "StructureMap.Testing.Widget\StructureMap.Testing.Widget.csproj", "{E21E1651-3E32-47B7-A290-F461E63FEAD2}"
EndProject
Project("{FAE04EC0-301F-11D3-BF4B-00C04F79EFBC}") = "StructureMap.Testing.Widget2", "StructureMap.Testing.Widget2\StructureMap.Testing.Widget2.csproj", "{027E996C-75E8-40F8-9073-0E3B77A6BE1F}"
EndProject
Project("{FAE04EC0-301F-11D3-BF4B-00C04F79EFBC}") = "StructureMap.Testing.Widget3", "StructureMap.Testing.Widget3\StructureMap.Testing.Widget3.csproj", "{C8878328-281F-4F4F-8D6E-88C60F304B89}"
EndProject
Project("{FAE04EC0-301F-11D3-BF4B-00C04F79EFBC}") = "StructureMap.Testing.Widget4", "StructureMap.Testing.Widget4\StructureMap.Testing.Widget4.csproj", "{901D15CB-EF37-4F84-864B-E70F4B5F1DFF}"
EndProject
Project("{FAE04EC0-301F-11D3-BF4B-00C04F79EFBC}") = "StructureMap.Testing.Widget5", "StructureMap.Testing.Widget5\StructureMap.Testing.Widget5.csproj", "{CAB97F7F-FB75-410C-898A-88DCAAC036BE}"
EndProject
Project("{FAE04EC0-301F-11D3-BF4B-00C04F79EFBC}") = "StructureMap.Testing.GenericWidgets", "StructureMap.Testing.GenericWidgets\StructureMap.Testing.GenericWidgets.csproj", "{C205EA4C-4CD0-4221-A3CB-AFD835F0B263}"
EndProject
Project("{FAE04EC0-301F-11D3-BF4B-00C04F79EFBC}") = "StructureMap.AutoMocking", "StructureMap.AutoMocking\StructureMap.AutoMocking.csproj", "{0ED1B206-A1C9-4A52-BA87-3BA416C8725C}"
EndProject
Project("{FAE04EC0-301F-11D3-BF4B-00C04F79EFBC}") = "HTML", "HTML\HTML.csproj", "{A6358895-641F-4CC2-BE8E-C61EBE1DBEB9}"
EndProject
Project("{FAE04EC0-301F-11D3-BF4B-00C04F79EFBC}") = "StructureMap.AutoFactory", "StructureMap.AutoFactory\StructureMap.AutoFactory.csproj", "{3C6A4946-3CD9-4B74-87C5-A06EF49920FA}"
EndProject
Project("{FAE04EC0-301F-11D3-BF4B-00C04F79EFBC}") = "StructureMap.Xml.Testing", "StructureMap.Xml.Testing\StructureMap.Xml.Testing.csproj", "{50ECE636-DA3A-4FAD-8F51-DB240731F416}"
EndProject
Project("{FAE04EC0-301F-11D3-BF4B-00C04F79EFBC}") = "StructureMap.LegacyAttributeSupport", "StructureMap.LegacyAttributeSupport\StructureMap.LegacyAttributeSupport.csproj", "{840415D3-247D-449A-BC79-605D0A1C6F81}"
EndProject
Project("{FAE04EC0-301F-11D3-BF4B-00C04F79EFBC}") = "StructureMap.LegacyAttributeSupport.Testing", "StructureMap.LegacyAttributeSupport.Testing\StructureMap.LegacyAttributeSupport.Testing.csproj", "{05C3CC51-F8F1-4218-B2F6-F8F6BA73D33C}"
EndProject
Project("{FAE04EC0-301F-11D3-BF4B-00C04F79EFBC}") = "StructureMap.Web", "StructureMap.Web\StructureMap.Web.csproj", "{FA8FDBC9-46ED-4976-A554-A5A1079BD765}"
EndProject
Project("{FAE04EC0-301F-11D3-BF4B-00C04F79EFBC}") = "StructureMap.Web.Testing", "StructureMap.Web.Testing\StructureMap.Web.Testing.csproj", "{7F79DA26-F1C2-44F9-8B1B-98A214334B9D}"
EndProject
Project("{FAE04EC0-301F-11D3-BF4B-00C04F79EFBC}") = "StructureMap.Configuration.Xml", "StructureMap.Configuration.Xml\StructureMap.Configuration.Xml.csproj", "{6AC066CC-4550-44B4-96B3-89F0406E6763}"
EndProject
Project("{FAE04EC0-301F-11D3-BF4B-00C04F79EFBC}") = "StructureMap.AutoMocking.Testing", "StructureMap.AutoMocking.Testing\StructureMap.AutoMocking.Testing.csproj", "{768552EF-E2FF-477C-9EF5-3F9A459D9626}"
EndProject
Project("{FAE04EC0-301F-11D3-BF4B-00C04F79EFBC}") = "StructureMap.AutoMocking.Moq", "StructureMap.AutoMocking.Moq\StructureMap.AutoMocking.Moq.csproj", "{49D5FB89-A091-47C3-9C08-2058E9C346DA}"
EndProject
Project("{FAE04EC0-301F-11D3-BF4B-00C04F79EFBC}") = "StructureMap.AutoMocking.Moq.Testing", "StructureMap.AutoMocking.Moq.Testing\StructureMap.AutoMocking.Moq.Testing.csproj", "{18C87ACA-776F-42C0-A868-7EB65FA30C03}"
EndProject
Global
	GlobalSection(SolutionConfigurationPlatforms) = preSolution
		Build|.NET = Build|.NET
		Build|Any CPU = Build|Any CPU
		Build|Mixed Platforms = Build|Mixed Platforms
		Debug|.NET = Debug|.NET
		Debug|Any CPU = Debug|Any CPU
		Debug|Mixed Platforms = Debug|Mixed Platforms
		Release|.NET = Release|.NET
		Release|Any CPU = Release|Any CPU
		Release|Mixed Platforms = Release|Mixed Platforms
	EndGlobalSection
	GlobalSection(ProjectConfigurationPlatforms) = postSolution
		{3F36EA80-2F9A-4DAD-BA27-5AC6163A2EE3}.Build|.NET.ActiveCfg = Build|Any CPU
		{3F36EA80-2F9A-4DAD-BA27-5AC6163A2EE3}.Build|Any CPU.ActiveCfg = Build|Any CPU
		{3F36EA80-2F9A-4DAD-BA27-5AC6163A2EE3}.Build|Any CPU.Build.0 = Build|Any CPU
		{3F36EA80-2F9A-4DAD-BA27-5AC6163A2EE3}.Build|Mixed Platforms.ActiveCfg = Build|Any CPU
		{3F36EA80-2F9A-4DAD-BA27-5AC6163A2EE3}.Build|Mixed Platforms.Build.0 = Build|Any CPU
		{3F36EA80-2F9A-4DAD-BA27-5AC6163A2EE3}.Debug|.NET.ActiveCfg = Debug|Any CPU
		{3F36EA80-2F9A-4DAD-BA27-5AC6163A2EE3}.Debug|Any CPU.ActiveCfg = Debug|Any CPU
		{3F36EA80-2F9A-4DAD-BA27-5AC6163A2EE3}.Debug|Any CPU.Build.0 = Debug|Any CPU
		{3F36EA80-2F9A-4DAD-BA27-5AC6163A2EE3}.Debug|Mixed Platforms.ActiveCfg = Debug|Any CPU
		{3F36EA80-2F9A-4DAD-BA27-5AC6163A2EE3}.Debug|Mixed Platforms.Build.0 = Debug|Any CPU
		{3F36EA80-2F9A-4DAD-BA27-5AC6163A2EE3}.Release|.NET.ActiveCfg = Release|Any CPU
		{3F36EA80-2F9A-4DAD-BA27-5AC6163A2EE3}.Release|Any CPU.ActiveCfg = Release|Any CPU
		{3F36EA80-2F9A-4DAD-BA27-5AC6163A2EE3}.Release|Any CPU.Build.0 = Release|Any CPU
		{3F36EA80-2F9A-4DAD-BA27-5AC6163A2EE3}.Release|Mixed Platforms.ActiveCfg = Release|Any CPU
		{3F36EA80-2F9A-4DAD-BA27-5AC6163A2EE3}.Release|Mixed Platforms.Build.0 = Release|Any CPU
		{63C2742D-B6E2-484F-AFDB-346873075C5E}.Build|.NET.ActiveCfg = Release|Any CPU
		{63C2742D-B6E2-484F-AFDB-346873075C5E}.Build|Any CPU.ActiveCfg = Release|Any CPU
		{63C2742D-B6E2-484F-AFDB-346873075C5E}.Build|Any CPU.Build.0 = Release|Any CPU
		{63C2742D-B6E2-484F-AFDB-346873075C5E}.Build|Mixed Platforms.ActiveCfg = Release|Any CPU
		{63C2742D-B6E2-484F-AFDB-346873075C5E}.Build|Mixed Platforms.Build.0 = Release|Any CPU
		{63C2742D-B6E2-484F-AFDB-346873075C5E}.Debug|.NET.ActiveCfg = Debug|Any CPU
		{63C2742D-B6E2-484F-AFDB-346873075C5E}.Debug|Any CPU.ActiveCfg = Debug|Any CPU
		{63C2742D-B6E2-484F-AFDB-346873075C5E}.Debug|Any CPU.Build.0 = Debug|Any CPU
		{63C2742D-B6E2-484F-AFDB-346873075C5E}.Debug|Mixed Platforms.ActiveCfg = Debug|Any CPU
		{63C2742D-B6E2-484F-AFDB-346873075C5E}.Debug|Mixed Platforms.Build.0 = Debug|Any CPU
		{63C2742D-B6E2-484F-AFDB-346873075C5E}.Release|.NET.ActiveCfg = Release|Any CPU
		{63C2742D-B6E2-484F-AFDB-346873075C5E}.Release|Any CPU.ActiveCfg = Release|Any CPU
		{63C2742D-B6E2-484F-AFDB-346873075C5E}.Release|Any CPU.Build.0 = Release|Any CPU
		{63C2742D-B6E2-484F-AFDB-346873075C5E}.Release|Mixed Platforms.ActiveCfg = Release|Any CPU
		{63C2742D-B6E2-484F-AFDB-346873075C5E}.Release|Mixed Platforms.Build.0 = Release|Any CPU
		{E21E1651-3E32-47B7-A290-F461E63FEAD2}.Build|.NET.ActiveCfg = Release|Any CPU
		{E21E1651-3E32-47B7-A290-F461E63FEAD2}.Build|Any CPU.ActiveCfg = Release|Any CPU
		{E21E1651-3E32-47B7-A290-F461E63FEAD2}.Build|Any CPU.Build.0 = Release|Any CPU
		{E21E1651-3E32-47B7-A290-F461E63FEAD2}.Build|Mixed Platforms.ActiveCfg = Release|Any CPU
		{E21E1651-3E32-47B7-A290-F461E63FEAD2}.Build|Mixed Platforms.Build.0 = Release|Any CPU
		{E21E1651-3E32-47B7-A290-F461E63FEAD2}.Debug|.NET.ActiveCfg = Debug|Any CPU
		{E21E1651-3E32-47B7-A290-F461E63FEAD2}.Debug|Any CPU.ActiveCfg = Debug|Any CPU
		{E21E1651-3E32-47B7-A290-F461E63FEAD2}.Debug|Any CPU.Build.0 = Debug|Any CPU
		{E21E1651-3E32-47B7-A290-F461E63FEAD2}.Debug|Mixed Platforms.ActiveCfg = Debug|Any CPU
		{E21E1651-3E32-47B7-A290-F461E63FEAD2}.Debug|Mixed Platforms.Build.0 = Debug|Any CPU
		{E21E1651-3E32-47B7-A290-F461E63FEAD2}.Release|.NET.ActiveCfg = Release|Any CPU
		{E21E1651-3E32-47B7-A290-F461E63FEAD2}.Release|Any CPU.ActiveCfg = Release|Any CPU
		{E21E1651-3E32-47B7-A290-F461E63FEAD2}.Release|Any CPU.Build.0 = Release|Any CPU
		{E21E1651-3E32-47B7-A290-F461E63FEAD2}.Release|Mixed Platforms.ActiveCfg = Release|Any CPU
		{E21E1651-3E32-47B7-A290-F461E63FEAD2}.Release|Mixed Platforms.Build.0 = Release|Any CPU
		{027E996C-75E8-40F8-9073-0E3B77A6BE1F}.Build|.NET.ActiveCfg = Release|Any CPU
		{027E996C-75E8-40F8-9073-0E3B77A6BE1F}.Build|Any CPU.ActiveCfg = Release|Any CPU
		{027E996C-75E8-40F8-9073-0E3B77A6BE1F}.Build|Any CPU.Build.0 = Release|Any CPU
		{027E996C-75E8-40F8-9073-0E3B77A6BE1F}.Build|Mixed Platforms.ActiveCfg = Release|Any CPU
		{027E996C-75E8-40F8-9073-0E3B77A6BE1F}.Build|Mixed Platforms.Build.0 = Release|Any CPU
		{027E996C-75E8-40F8-9073-0E3B77A6BE1F}.Debug|.NET.ActiveCfg = Debug|Any CPU
		{027E996C-75E8-40F8-9073-0E3B77A6BE1F}.Debug|Any CPU.ActiveCfg = Debug|Any CPU
		{027E996C-75E8-40F8-9073-0E3B77A6BE1F}.Debug|Any CPU.Build.0 = Debug|Any CPU
		{027E996C-75E8-40F8-9073-0E3B77A6BE1F}.Debug|Mixed Platforms.ActiveCfg = Debug|Any CPU
		{027E996C-75E8-40F8-9073-0E3B77A6BE1F}.Debug|Mixed Platforms.Build.0 = Debug|Any CPU
		{027E996C-75E8-40F8-9073-0E3B77A6BE1F}.Release|.NET.ActiveCfg = Release|Any CPU
		{027E996C-75E8-40F8-9073-0E3B77A6BE1F}.Release|Any CPU.ActiveCfg = Release|Any CPU
		{027E996C-75E8-40F8-9073-0E3B77A6BE1F}.Release|Any CPU.Build.0 = Release|Any CPU
		{027E996C-75E8-40F8-9073-0E3B77A6BE1F}.Release|Mixed Platforms.ActiveCfg = Release|Any CPU
		{027E996C-75E8-40F8-9073-0E3B77A6BE1F}.Release|Mixed Platforms.Build.0 = Release|Any CPU
		{C8878328-281F-4F4F-8D6E-88C60F304B89}.Build|.NET.ActiveCfg = Release|Any CPU
		{C8878328-281F-4F4F-8D6E-88C60F304B89}.Build|Any CPU.ActiveCfg = Release|Any CPU
		{C8878328-281F-4F4F-8D6E-88C60F304B89}.Build|Any CPU.Build.0 = Release|Any CPU
		{C8878328-281F-4F4F-8D6E-88C60F304B89}.Build|Mixed Platforms.ActiveCfg = Release|Any CPU
		{C8878328-281F-4F4F-8D6E-88C60F304B89}.Build|Mixed Platforms.Build.0 = Release|Any CPU
		{C8878328-281F-4F4F-8D6E-88C60F304B89}.Debug|.NET.ActiveCfg = Debug|Any CPU
		{C8878328-281F-4F4F-8D6E-88C60F304B89}.Debug|Any CPU.ActiveCfg = Debug|Any CPU
		{C8878328-281F-4F4F-8D6E-88C60F304B89}.Debug|Any CPU.Build.0 = Debug|Any CPU
		{C8878328-281F-4F4F-8D6E-88C60F304B89}.Debug|Mixed Platforms.ActiveCfg = Debug|Any CPU
		{C8878328-281F-4F4F-8D6E-88C60F304B89}.Debug|Mixed Platforms.Build.0 = Debug|Any CPU
		{C8878328-281F-4F4F-8D6E-88C60F304B89}.Release|.NET.ActiveCfg = Release|Any CPU
		{C8878328-281F-4F4F-8D6E-88C60F304B89}.Release|Any CPU.ActiveCfg = Release|Any CPU
		{C8878328-281F-4F4F-8D6E-88C60F304B89}.Release|Any CPU.Build.0 = Release|Any CPU
		{C8878328-281F-4F4F-8D6E-88C60F304B89}.Release|Mixed Platforms.ActiveCfg = Release|Any CPU
		{C8878328-281F-4F4F-8D6E-88C60F304B89}.Release|Mixed Platforms.Build.0 = Release|Any CPU
		{901D15CB-EF37-4F84-864B-E70F4B5F1DFF}.Build|.NET.ActiveCfg = Release|Any CPU
		{901D15CB-EF37-4F84-864B-E70F4B5F1DFF}.Build|Any CPU.ActiveCfg = Release|Any CPU
		{901D15CB-EF37-4F84-864B-E70F4B5F1DFF}.Build|Any CPU.Build.0 = Release|Any CPU
		{901D15CB-EF37-4F84-864B-E70F4B5F1DFF}.Build|Mixed Platforms.ActiveCfg = Release|Any CPU
		{901D15CB-EF37-4F84-864B-E70F4B5F1DFF}.Build|Mixed Platforms.Build.0 = Release|Any CPU
		{901D15CB-EF37-4F84-864B-E70F4B5F1DFF}.Debug|.NET.ActiveCfg = Debug|Any CPU
		{901D15CB-EF37-4F84-864B-E70F4B5F1DFF}.Debug|Any CPU.ActiveCfg = Debug|Any CPU
		{901D15CB-EF37-4F84-864B-E70F4B5F1DFF}.Debug|Any CPU.Build.0 = Debug|Any CPU
		{901D15CB-EF37-4F84-864B-E70F4B5F1DFF}.Debug|Mixed Platforms.ActiveCfg = Debug|Any CPU
		{901D15CB-EF37-4F84-864B-E70F4B5F1DFF}.Debug|Mixed Platforms.Build.0 = Debug|Any CPU
		{901D15CB-EF37-4F84-864B-E70F4B5F1DFF}.Release|.NET.ActiveCfg = Release|Any CPU
		{901D15CB-EF37-4F84-864B-E70F4B5F1DFF}.Release|Any CPU.ActiveCfg = Release|Any CPU
		{901D15CB-EF37-4F84-864B-E70F4B5F1DFF}.Release|Any CPU.Build.0 = Release|Any CPU
		{901D15CB-EF37-4F84-864B-E70F4B5F1DFF}.Release|Mixed Platforms.ActiveCfg = Release|Any CPU
		{901D15CB-EF37-4F84-864B-E70F4B5F1DFF}.Release|Mixed Platforms.Build.0 = Release|Any CPU
		{CAB97F7F-FB75-410C-898A-88DCAAC036BE}.Build|.NET.ActiveCfg = Release|Any CPU
		{CAB97F7F-FB75-410C-898A-88DCAAC036BE}.Build|Any CPU.ActiveCfg = Release|Any CPU
		{CAB97F7F-FB75-410C-898A-88DCAAC036BE}.Build|Any CPU.Build.0 = Release|Any CPU
		{CAB97F7F-FB75-410C-898A-88DCAAC036BE}.Build|Mixed Platforms.ActiveCfg = Release|Any CPU
		{CAB97F7F-FB75-410C-898A-88DCAAC036BE}.Build|Mixed Platforms.Build.0 = Release|Any CPU
		{CAB97F7F-FB75-410C-898A-88DCAAC036BE}.Debug|.NET.ActiveCfg = Debug|Any CPU
		{CAB97F7F-FB75-410C-898A-88DCAAC036BE}.Debug|Any CPU.ActiveCfg = Debug|Any CPU
		{CAB97F7F-FB75-410C-898A-88DCAAC036BE}.Debug|Any CPU.Build.0 = Debug|Any CPU
		{CAB97F7F-FB75-410C-898A-88DCAAC036BE}.Debug|Mixed Platforms.ActiveCfg = Debug|Any CPU
		{CAB97F7F-FB75-410C-898A-88DCAAC036BE}.Debug|Mixed Platforms.Build.0 = Debug|Any CPU
		{CAB97F7F-FB75-410C-898A-88DCAAC036BE}.Release|.NET.ActiveCfg = Release|Any CPU
		{CAB97F7F-FB75-410C-898A-88DCAAC036BE}.Release|Any CPU.ActiveCfg = Release|Any CPU
		{CAB97F7F-FB75-410C-898A-88DCAAC036BE}.Release|Any CPU.Build.0 = Release|Any CPU
		{CAB97F7F-FB75-410C-898A-88DCAAC036BE}.Release|Mixed Platforms.ActiveCfg = Release|Any CPU
		{CAB97F7F-FB75-410C-898A-88DCAAC036BE}.Release|Mixed Platforms.Build.0 = Release|Any CPU
		{C205EA4C-4CD0-4221-A3CB-AFD835F0B263}.Build|.NET.ActiveCfg = Release|Any CPU
		{C205EA4C-4CD0-4221-A3CB-AFD835F0B263}.Build|Any CPU.ActiveCfg = Release|Any CPU
		{C205EA4C-4CD0-4221-A3CB-AFD835F0B263}.Build|Any CPU.Build.0 = Release|Any CPU
		{C205EA4C-4CD0-4221-A3CB-AFD835F0B263}.Build|Mixed Platforms.ActiveCfg = Release|Any CPU
		{C205EA4C-4CD0-4221-A3CB-AFD835F0B263}.Build|Mixed Platforms.Build.0 = Release|Any CPU
		{C205EA4C-4CD0-4221-A3CB-AFD835F0B263}.Debug|.NET.ActiveCfg = Debug|Any CPU
		{C205EA4C-4CD0-4221-A3CB-AFD835F0B263}.Debug|Any CPU.ActiveCfg = Debug|Any CPU
		{C205EA4C-4CD0-4221-A3CB-AFD835F0B263}.Debug|Any CPU.Build.0 = Debug|Any CPU
		{C205EA4C-4CD0-4221-A3CB-AFD835F0B263}.Debug|Mixed Platforms.ActiveCfg = Debug|Any CPU
		{C205EA4C-4CD0-4221-A3CB-AFD835F0B263}.Debug|Mixed Platforms.Build.0 = Debug|Any CPU
		{C205EA4C-4CD0-4221-A3CB-AFD835F0B263}.Release|.NET.ActiveCfg = Release|Any CPU
		{C205EA4C-4CD0-4221-A3CB-AFD835F0B263}.Release|Any CPU.ActiveCfg = Release|Any CPU
		{C205EA4C-4CD0-4221-A3CB-AFD835F0B263}.Release|Any CPU.Build.0 = Release|Any CPU
		{C205EA4C-4CD0-4221-A3CB-AFD835F0B263}.Release|Mixed Platforms.ActiveCfg = Release|Any CPU
		{C205EA4C-4CD0-4221-A3CB-AFD835F0B263}.Release|Mixed Platforms.Build.0 = Release|Any CPU
		{0ED1B206-A1C9-4A52-BA87-3BA416C8725C}.Build|.NET.ActiveCfg = Release|Any CPU
		{0ED1B206-A1C9-4A52-BA87-3BA416C8725C}.Build|Any CPU.ActiveCfg = Release|Any CPU
		{0ED1B206-A1C9-4A52-BA87-3BA416C8725C}.Build|Any CPU.Build.0 = Release|Any CPU
		{0ED1B206-A1C9-4A52-BA87-3BA416C8725C}.Build|Mixed Platforms.ActiveCfg = Release|Any CPU
		{0ED1B206-A1C9-4A52-BA87-3BA416C8725C}.Build|Mixed Platforms.Build.0 = Release|Any CPU
		{0ED1B206-A1C9-4A52-BA87-3BA416C8725C}.Debug|.NET.ActiveCfg = Debug|Any CPU
		{0ED1B206-A1C9-4A52-BA87-3BA416C8725C}.Debug|Any CPU.ActiveCfg = Debug|Any CPU
		{0ED1B206-A1C9-4A52-BA87-3BA416C8725C}.Debug|Any CPU.Build.0 = Debug|Any CPU
		{0ED1B206-A1C9-4A52-BA87-3BA416C8725C}.Debug|Mixed Platforms.ActiveCfg = Debug|Any CPU
		{0ED1B206-A1C9-4A52-BA87-3BA416C8725C}.Debug|Mixed Platforms.Build.0 = Debug|Any CPU
		{0ED1B206-A1C9-4A52-BA87-3BA416C8725C}.Release|.NET.ActiveCfg = Release|Any CPU
		{0ED1B206-A1C9-4A52-BA87-3BA416C8725C}.Release|Any CPU.ActiveCfg = Release|Any CPU
		{0ED1B206-A1C9-4A52-BA87-3BA416C8725C}.Release|Any CPU.Build.0 = Release|Any CPU
		{0ED1B206-A1C9-4A52-BA87-3BA416C8725C}.Release|Mixed Platforms.ActiveCfg = Release|Any CPU
		{0ED1B206-A1C9-4A52-BA87-3BA416C8725C}.Release|Mixed Platforms.Build.0 = Release|Any CPU
		{A6358895-641F-4CC2-BE8E-C61EBE1DBEB9}.Build|.NET.ActiveCfg = Release|Any CPU
		{A6358895-641F-4CC2-BE8E-C61EBE1DBEB9}.Build|Any CPU.ActiveCfg = Release|Any CPU
		{A6358895-641F-4CC2-BE8E-C61EBE1DBEB9}.Build|Any CPU.Build.0 = Release|Any CPU
		{A6358895-641F-4CC2-BE8E-C61EBE1DBEB9}.Build|Mixed Platforms.ActiveCfg = Release|Any CPU
		{A6358895-641F-4CC2-BE8E-C61EBE1DBEB9}.Debug|.NET.ActiveCfg = Debug|Any CPU
		{A6358895-641F-4CC2-BE8E-C61EBE1DBEB9}.Debug|Any CPU.ActiveCfg = Debug|Any CPU
		{A6358895-641F-4CC2-BE8E-C61EBE1DBEB9}.Debug|Any CPU.Build.0 = Debug|Any CPU
		{A6358895-641F-4CC2-BE8E-C61EBE1DBEB9}.Debug|Mixed Platforms.ActiveCfg = Debug|Any CPU
		{A6358895-641F-4CC2-BE8E-C61EBE1DBEB9}.Release|.NET.ActiveCfg = Release|Any CPU
		{A6358895-641F-4CC2-BE8E-C61EBE1DBEB9}.Release|Any CPU.ActiveCfg = Release|Any CPU
		{A6358895-641F-4CC2-BE8E-C61EBE1DBEB9}.Release|Any CPU.Build.0 = Release|Any CPU
		{A6358895-641F-4CC2-BE8E-C61EBE1DBEB9}.Release|Mixed Platforms.ActiveCfg = Release|Any CPU
		{3C6A4946-3CD9-4B74-87C5-A06EF49920FA}.Build|.NET.ActiveCfg = Release|Any CPU
		{3C6A4946-3CD9-4B74-87C5-A06EF49920FA}.Build|Any CPU.ActiveCfg = Release|Any CPU
		{3C6A4946-3CD9-4B74-87C5-A06EF49920FA}.Build|Any CPU.Build.0 = Release|Any CPU
		{3C6A4946-3CD9-4B74-87C5-A06EF49920FA}.Build|Mixed Platforms.ActiveCfg = Release|Any CPU
		{3C6A4946-3CD9-4B74-87C5-A06EF49920FA}.Build|Mixed Platforms.Build.0 = Release|Any CPU
		{3C6A4946-3CD9-4B74-87C5-A06EF49920FA}.Debug|.NET.ActiveCfg = Debug|Any CPU
		{3C6A4946-3CD9-4B74-87C5-A06EF49920FA}.Debug|Any CPU.ActiveCfg = Debug|Any CPU
		{3C6A4946-3CD9-4B74-87C5-A06EF49920FA}.Debug|Any CPU.Build.0 = Debug|Any CPU
		{3C6A4946-3CD9-4B74-87C5-A06EF49920FA}.Debug|Mixed Platforms.ActiveCfg = Debug|Any CPU
		{3C6A4946-3CD9-4B74-87C5-A06EF49920FA}.Debug|Mixed Platforms.Build.0 = Debug|Any CPU
		{3C6A4946-3CD9-4B74-87C5-A06EF49920FA}.Release|.NET.ActiveCfg = Release|Any CPU
		{3C6A4946-3CD9-4B74-87C5-A06EF49920FA}.Release|Any CPU.ActiveCfg = Release|Any CPU
		{3C6A4946-3CD9-4B74-87C5-A06EF49920FA}.Release|Any CPU.Build.0 = Release|Any CPU
		{3C6A4946-3CD9-4B74-87C5-A06EF49920FA}.Release|Mixed Platforms.ActiveCfg = Release|Any CPU
		{3C6A4946-3CD9-4B74-87C5-A06EF49920FA}.Release|Mixed Platforms.Build.0 = Release|Any CPU
		{50ECE636-DA3A-4FAD-8F51-DB240731F416}.Build|.NET.ActiveCfg = Release|Any CPU
		{50ECE636-DA3A-4FAD-8F51-DB240731F416}.Build|Any CPU.ActiveCfg = Release|Any CPU
		{50ECE636-DA3A-4FAD-8F51-DB240731F416}.Build|Any CPU.Build.0 = Release|Any CPU
		{50ECE636-DA3A-4FAD-8F51-DB240731F416}.Build|Mixed Platforms.ActiveCfg = Release|Any CPU
		{50ECE636-DA3A-4FAD-8F51-DB240731F416}.Build|Mixed Platforms.Build.0 = Release|Any CPU
		{50ECE636-DA3A-4FAD-8F51-DB240731F416}.Debug|.NET.ActiveCfg = Debug|Any CPU
		{50ECE636-DA3A-4FAD-8F51-DB240731F416}.Debug|Any CPU.ActiveCfg = Debug|Any CPU
		{50ECE636-DA3A-4FAD-8F51-DB240731F416}.Debug|Any CPU.Build.0 = Debug|Any CPU
		{50ECE636-DA3A-4FAD-8F51-DB240731F416}.Debug|Mixed Platforms.ActiveCfg = Debug|Any CPU
		{50ECE636-DA3A-4FAD-8F51-DB240731F416}.Debug|Mixed Platforms.Build.0 = Debug|Any CPU
		{50ECE636-DA3A-4FAD-8F51-DB240731F416}.Release|.NET.ActiveCfg = Release|Any CPU
		{50ECE636-DA3A-4FAD-8F51-DB240731F416}.Release|Any CPU.ActiveCfg = Release|Any CPU
		{50ECE636-DA3A-4FAD-8F51-DB240731F416}.Release|Any CPU.Build.0 = Release|Any CPU
		{50ECE636-DA3A-4FAD-8F51-DB240731F416}.Release|Mixed Platforms.ActiveCfg = Release|Any CPU
		{50ECE636-DA3A-4FAD-8F51-DB240731F416}.Release|Mixed Platforms.Build.0 = Release|Any CPU
		{840415D3-247D-449A-BC79-605D0A1C6F81}.Build|.NET.ActiveCfg = Release|Any CPU
		{840415D3-247D-449A-BC79-605D0A1C6F81}.Build|Any CPU.ActiveCfg = Release|Any CPU
		{840415D3-247D-449A-BC79-605D0A1C6F81}.Build|Any CPU.Build.0 = Release|Any CPU
		{840415D3-247D-449A-BC79-605D0A1C6F81}.Build|Mixed Platforms.ActiveCfg = Release|Any CPU
		{840415D3-247D-449A-BC79-605D0A1C6F81}.Build|Mixed Platforms.Build.0 = Release|Any CPU
		{840415D3-247D-449A-BC79-605D0A1C6F81}.Debug|.NET.ActiveCfg = Debug|Any CPU
		{840415D3-247D-449A-BC79-605D0A1C6F81}.Debug|Any CPU.ActiveCfg = Debug|Any CPU
		{840415D3-247D-449A-BC79-605D0A1C6F81}.Debug|Any CPU.Build.0 = Debug|Any CPU
		{840415D3-247D-449A-BC79-605D0A1C6F81}.Debug|Mixed Platforms.ActiveCfg = Debug|Any CPU
		{840415D3-247D-449A-BC79-605D0A1C6F81}.Debug|Mixed Platforms.Build.0 = Debug|Any CPU
		{840415D3-247D-449A-BC79-605D0A1C6F81}.Release|.NET.ActiveCfg = Release|Any CPU
		{840415D3-247D-449A-BC79-605D0A1C6F81}.Release|Any CPU.ActiveCfg = Release|Any CPU
		{840415D3-247D-449A-BC79-605D0A1C6F81}.Release|Any CPU.Build.0 = Release|Any CPU
		{840415D3-247D-449A-BC79-605D0A1C6F81}.Release|Mixed Platforms.ActiveCfg = Release|Any CPU
		{840415D3-247D-449A-BC79-605D0A1C6F81}.Release|Mixed Platforms.Build.0 = Release|Any CPU
		{05C3CC51-F8F1-4218-B2F6-F8F6BA73D33C}.Build|.NET.ActiveCfg = Release|Any CPU
		{05C3CC51-F8F1-4218-B2F6-F8F6BA73D33C}.Build|Any CPU.ActiveCfg = Release|Any CPU
		{05C3CC51-F8F1-4218-B2F6-F8F6BA73D33C}.Build|Any CPU.Build.0 = Release|Any CPU
		{05C3CC51-F8F1-4218-B2F6-F8F6BA73D33C}.Build|Mixed Platforms.ActiveCfg = Release|Any CPU
		{05C3CC51-F8F1-4218-B2F6-F8F6BA73D33C}.Build|Mixed Platforms.Build.0 = Release|Any CPU
		{05C3CC51-F8F1-4218-B2F6-F8F6BA73D33C}.Debug|.NET.ActiveCfg = Debug|Any CPU
		{05C3CC51-F8F1-4218-B2F6-F8F6BA73D33C}.Debug|Any CPU.ActiveCfg = Debug|Any CPU
		{05C3CC51-F8F1-4218-B2F6-F8F6BA73D33C}.Debug|Any CPU.Build.0 = Debug|Any CPU
		{05C3CC51-F8F1-4218-B2F6-F8F6BA73D33C}.Debug|Mixed Platforms.ActiveCfg = Debug|Any CPU
		{05C3CC51-F8F1-4218-B2F6-F8F6BA73D33C}.Debug|Mixed Platforms.Build.0 = Debug|Any CPU
		{05C3CC51-F8F1-4218-B2F6-F8F6BA73D33C}.Release|.NET.ActiveCfg = Release|Any CPU
		{05C3CC51-F8F1-4218-B2F6-F8F6BA73D33C}.Release|Any CPU.ActiveCfg = Release|Any CPU
		{05C3CC51-F8F1-4218-B2F6-F8F6BA73D33C}.Release|Any CPU.Build.0 = Release|Any CPU
		{05C3CC51-F8F1-4218-B2F6-F8F6BA73D33C}.Release|Mixed Platforms.ActiveCfg = Release|Any CPU
		{05C3CC51-F8F1-4218-B2F6-F8F6BA73D33C}.Release|Mixed Platforms.Build.0 = Release|Any CPU
		{FA8FDBC9-46ED-4976-A554-A5A1079BD765}.Build|.NET.ActiveCfg = Release|Any CPU
		{FA8FDBC9-46ED-4976-A554-A5A1079BD765}.Build|Any CPU.ActiveCfg = Release|Any CPU
		{FA8FDBC9-46ED-4976-A554-A5A1079BD765}.Build|Any CPU.Build.0 = Release|Any CPU
		{FA8FDBC9-46ED-4976-A554-A5A1079BD765}.Build|Mixed Platforms.ActiveCfg = Release|Any CPU
		{FA8FDBC9-46ED-4976-A554-A5A1079BD765}.Build|Mixed Platforms.Build.0 = Release|Any CPU
		{FA8FDBC9-46ED-4976-A554-A5A1079BD765}.Debug|.NET.ActiveCfg = Debug|Any CPU
		{FA8FDBC9-46ED-4976-A554-A5A1079BD765}.Debug|Any CPU.ActiveCfg = Debug|Any CPU
		{FA8FDBC9-46ED-4976-A554-A5A1079BD765}.Debug|Any CPU.Build.0 = Debug|Any CPU
		{FA8FDBC9-46ED-4976-A554-A5A1079BD765}.Debug|Mixed Platforms.ActiveCfg = Debug|Any CPU
		{FA8FDBC9-46ED-4976-A554-A5A1079BD765}.Debug|Mixed Platforms.Build.0 = Debug|Any CPU
		{FA8FDBC9-46ED-4976-A554-A5A1079BD765}.Release|.NET.ActiveCfg = Release|Any CPU
		{FA8FDBC9-46ED-4976-A554-A5A1079BD765}.Release|Any CPU.ActiveCfg = Release|Any CPU
		{FA8FDBC9-46ED-4976-A554-A5A1079BD765}.Release|Any CPU.Build.0 = Release|Any CPU
		{FA8FDBC9-46ED-4976-A554-A5A1079BD765}.Release|Mixed Platforms.ActiveCfg = Release|Any CPU
		{FA8FDBC9-46ED-4976-A554-A5A1079BD765}.Release|Mixed Platforms.Build.0 = Release|Any CPU
		{7F79DA26-F1C2-44F9-8B1B-98A214334B9D}.Build|.NET.ActiveCfg = Release|Any CPU
		{7F79DA26-F1C2-44F9-8B1B-98A214334B9D}.Build|Any CPU.ActiveCfg = Release|Any CPU
		{7F79DA26-F1C2-44F9-8B1B-98A214334B9D}.Build|Any CPU.Build.0 = Release|Any CPU
		{7F79DA26-F1C2-44F9-8B1B-98A214334B9D}.Build|Mixed Platforms.ActiveCfg = Release|Any CPU
		{7F79DA26-F1C2-44F9-8B1B-98A214334B9D}.Build|Mixed Platforms.Build.0 = Release|Any CPU
		{7F79DA26-F1C2-44F9-8B1B-98A214334B9D}.Debug|.NET.ActiveCfg = Debug|Any CPU
		{7F79DA26-F1C2-44F9-8B1B-98A214334B9D}.Debug|Any CPU.ActiveCfg = Debug|Any CPU
		{7F79DA26-F1C2-44F9-8B1B-98A214334B9D}.Debug|Any CPU.Build.0 = Debug|Any CPU
		{7F79DA26-F1C2-44F9-8B1B-98A214334B9D}.Debug|Mixed Platforms.ActiveCfg = Debug|Any CPU
		{7F79DA26-F1C2-44F9-8B1B-98A214334B9D}.Debug|Mixed Platforms.Build.0 = Debug|Any CPU
		{7F79DA26-F1C2-44F9-8B1B-98A214334B9D}.Release|.NET.ActiveCfg = Release|Any CPU
		{7F79DA26-F1C2-44F9-8B1B-98A214334B9D}.Release|Any CPU.ActiveCfg = Release|Any CPU
		{7F79DA26-F1C2-44F9-8B1B-98A214334B9D}.Release|Any CPU.Build.0 = Release|Any CPU
		{7F79DA26-F1C2-44F9-8B1B-98A214334B9D}.Release|Mixed Platforms.ActiveCfg = Release|Any CPU
		{7F79DA26-F1C2-44F9-8B1B-98A214334B9D}.Release|Mixed Platforms.Build.0 = Release|Any CPU
		{6AC066CC-4550-44B4-96B3-89F0406E6763}.Build|.NET.ActiveCfg = Release|Any CPU
		{6AC066CC-4550-44B4-96B3-89F0406E6763}.Build|Any CPU.ActiveCfg = Release|Any CPU
		{6AC066CC-4550-44B4-96B3-89F0406E6763}.Build|Any CPU.Build.0 = Release|Any CPU
		{6AC066CC-4550-44B4-96B3-89F0406E6763}.Build|Mixed Platforms.ActiveCfg = Release|Any CPU
		{6AC066CC-4550-44B4-96B3-89F0406E6763}.Build|Mixed Platforms.Build.0 = Release|Any CPU
		{6AC066CC-4550-44B4-96B3-89F0406E6763}.Debug|.NET.ActiveCfg = Debug|Any CPU
		{6AC066CC-4550-44B4-96B3-89F0406E6763}.Debug|Any CPU.ActiveCfg = Debug|Any CPU
		{6AC066CC-4550-44B4-96B3-89F0406E6763}.Debug|Any CPU.Build.0 = Debug|Any CPU
		{6AC066CC-4550-44B4-96B3-89F0406E6763}.Debug|Mixed Platforms.ActiveCfg = Debug|Any CPU
		{6AC066CC-4550-44B4-96B3-89F0406E6763}.Debug|Mixed Platforms.Build.0 = Debug|Any CPU
		{6AC066CC-4550-44B4-96B3-89F0406E6763}.Release|.NET.ActiveCfg = Release|Any CPU
		{6AC066CC-4550-44B4-96B3-89F0406E6763}.Release|Any CPU.ActiveCfg = Release|Any CPU
		{6AC066CC-4550-44B4-96B3-89F0406E6763}.Release|Any CPU.Build.0 = Release|Any CPU
		{6AC066CC-4550-44B4-96B3-89F0406E6763}.Release|Mixed Platforms.ActiveCfg = Release|Any CPU
		{6AC066CC-4550-44B4-96B3-89F0406E6763}.Release|Mixed Platforms.Build.0 = Release|Any CPU
		{768552EF-E2FF-477C-9EF5-3F9A459D9626}.Build|.NET.ActiveCfg = Release|Any CPU
		{768552EF-E2FF-477C-9EF5-3F9A459D9626}.Build|Any CPU.ActiveCfg = Release|Any CPU
		{768552EF-E2FF-477C-9EF5-3F9A459D9626}.Build|Any CPU.Build.0 = Release|Any CPU
		{768552EF-E2FF-477C-9EF5-3F9A459D9626}.Build|Mixed Platforms.ActiveCfg = Release|Any CPU
		{768552EF-E2FF-477C-9EF5-3F9A459D9626}.Build|Mixed Platforms.Build.0 = Release|Any CPU
		{768552EF-E2FF-477C-9EF5-3F9A459D9626}.Debug|.NET.ActiveCfg = Debug|Any CPU
		{768552EF-E2FF-477C-9EF5-3F9A459D9626}.Debug|Any CPU.ActiveCfg = Debug|Any CPU
		{768552EF-E2FF-477C-9EF5-3F9A459D9626}.Debug|Any CPU.Build.0 = Debug|Any CPU
		{768552EF-E2FF-477C-9EF5-3F9A459D9626}.Debug|Mixed Platforms.ActiveCfg = Debug|Any CPU
		{768552EF-E2FF-477C-9EF5-3F9A459D9626}.Debug|Mixed Platforms.Build.0 = Debug|Any CPU
		{768552EF-E2FF-477C-9EF5-3F9A459D9626}.Release|.NET.ActiveCfg = Release|Any CPU
		{768552EF-E2FF-477C-9EF5-3F9A459D9626}.Release|Any CPU.ActiveCfg = Release|Any CPU
		{768552EF-E2FF-477C-9EF5-3F9A459D9626}.Release|Any CPU.Build.0 = Release|Any CPU
		{768552EF-E2FF-477C-9EF5-3F9A459D9626}.Release|Mixed Platforms.ActiveCfg = Release|Any CPU
		{768552EF-E2FF-477C-9EF5-3F9A459D9626}.Release|Mixed Platforms.Build.0 = Release|Any CPU
		{49D5FB89-A091-47C3-9C08-2058E9C346DA}.Build|.NET.ActiveCfg = Release|Any CPU
		{49D5FB89-A091-47C3-9C08-2058E9C346DA}.Build|Any CPU.ActiveCfg = Release|Any CPU
		{49D5FB89-A091-47C3-9C08-2058E9C346DA}.Build|Any CPU.Build.0 = Release|Any CPU
		{49D5FB89-A091-47C3-9C08-2058E9C346DA}.Build|Mixed Platforms.ActiveCfg = Release|Any CPU
		{49D5FB89-A091-47C3-9C08-2058E9C346DA}.Build|Mixed Platforms.Build.0 = Release|Any CPU
		{49D5FB89-A091-47C3-9C08-2058E9C346DA}.Debug|.NET.ActiveCfg = Debug|Any CPU
		{49D5FB89-A091-47C3-9C08-2058E9C346DA}.Debug|Any CPU.ActiveCfg = Debug|Any CPU
		{49D5FB89-A091-47C3-9C08-2058E9C346DA}.Debug|Any CPU.Build.0 = Debug|Any CPU
		{49D5FB89-A091-47C3-9C08-2058E9C346DA}.Debug|Mixed Platforms.ActiveCfg = Debug|Any CPU
		{49D5FB89-A091-47C3-9C08-2058E9C346DA}.Debug|Mixed Platforms.Build.0 = Debug|Any CPU
		{49D5FB89-A091-47C3-9C08-2058E9C346DA}.Release|.NET.ActiveCfg = Release|Any CPU
		{49D5FB89-A091-47C3-9C08-2058E9C346DA}.Release|Any CPU.ActiveCfg = Release|Any CPU
		{49D5FB89-A091-47C3-9C08-2058E9C346DA}.Release|Any CPU.Build.0 = Release|Any CPU
		{49D5FB89-A091-47C3-9C08-2058E9C346DA}.Release|Mixed Platforms.ActiveCfg = Release|Any CPU
		{49D5FB89-A091-47C3-9C08-2058E9C346DA}.Release|Mixed Platforms.Build.0 = Release|Any CPU
		{18C87ACA-776F-42C0-A868-7EB65FA30C03}.Build|.NET.ActiveCfg = Release|Any CPU
		{18C87ACA-776F-42C0-A868-7EB65FA30C03}.Build|Any CPU.ActiveCfg = Release|Any CPU
		{18C87ACA-776F-42C0-A868-7EB65FA30C03}.Build|Any CPU.Build.0 = Release|Any CPU
		{18C87ACA-776F-42C0-A868-7EB65FA30C03}.Build|Mixed Platforms.ActiveCfg = Release|Any CPU
		{18C87ACA-776F-42C0-A868-7EB65FA30C03}.Build|Mixed Platforms.Build.0 = Release|Any CPU
		{18C87ACA-776F-42C0-A868-7EB65FA30C03}.Debug|.NET.ActiveCfg = Debug|Any CPU
		{18C87ACA-776F-42C0-A868-7EB65FA30C03}.Debug|Any CPU.ActiveCfg = Debug|Any CPU
		{18C87ACA-776F-42C0-A868-7EB65FA30C03}.Debug|Any CPU.Build.0 = Debug|Any CPU
		{18C87ACA-776F-42C0-A868-7EB65FA30C03}.Debug|Mixed Platforms.ActiveCfg = Debug|Any CPU
		{18C87ACA-776F-42C0-A868-7EB65FA30C03}.Debug|Mixed Platforms.Build.0 = Debug|Any CPU
		{18C87ACA-776F-42C0-A868-7EB65FA30C03}.Release|.NET.ActiveCfg = Release|Any CPU
		{18C87ACA-776F-42C0-A868-7EB65FA30C03}.Release|Any CPU.ActiveCfg = Release|Any CPU
		{18C87ACA-776F-42C0-A868-7EB65FA30C03}.Release|Any CPU.Build.0 = Release|Any CPU
		{18C87ACA-776F-42C0-A868-7EB65FA30C03}.Release|Mixed Platforms.ActiveCfg = Release|Any CPU
		{18C87ACA-776F-42C0-A868-7EB65FA30C03}.Release|Mixed Platforms.Build.0 = Release|Any CPU
	EndGlobalSection
	GlobalSection(SolutionProperties) = preSolution
		HideSolutionNode = FALSE
	EndGlobalSection
	GlobalSection(NestedProjects) = preSolution
		{E21E1651-3E32-47B7-A290-F461E63FEAD2} = {E1C10209-160D-4054-ACB7-478A9FDCF84C}
		{027E996C-75E8-40F8-9073-0E3B77A6BE1F} = {E1C10209-160D-4054-ACB7-478A9FDCF84C}
		{C8878328-281F-4F4F-8D6E-88C60F304B89} = {E1C10209-160D-4054-ACB7-478A9FDCF84C}
		{901D15CB-EF37-4F84-864B-E70F4B5F1DFF} = {E1C10209-160D-4054-ACB7-478A9FDCF84C}
		{CAB97F7F-FB75-410C-898A-88DCAAC036BE} = {E1C10209-160D-4054-ACB7-478A9FDCF84C}
		{C205EA4C-4CD0-4221-A3CB-AFD835F0B263} = {E1C10209-160D-4054-ACB7-478A9FDCF84C}
	EndGlobalSection
EndGlobal
