
Microsoft Visual Studio Solution File, Format Version 12.00
# Visual Studio 14
VisualStudioVersion = 14.0.25420.1
MinimumVisualStudioVersion = 10.0.40219.1
Project("{2150E333-8FDC-42A3-9474-1A3956D46DE8}") = "Solution Items", "Solution Items", "{93877CE0-BA48-4F28-B372-B8E802CEE085}"
EndProject
Project("{2150E333-8FDC-42A3-9474-1A3956D46DE8}") = "Widgets", "Widgets", "{E1C10209-160D-4054-ACB7-478A9FDCF84C}"
EndProject
Project("{FAE04EC0-301F-11D3-BF4B-00C04F79EFBC}") = "StructureMap.Testing", "StructureMap.Testing\StructureMap.Testing.csproj", "{63C2742D-B6E2-484F-AFDB-346873075C5E}"
EndProject
Project("{8BB2217D-0F2D-49D1-97BC-3654ED321F3B}") = "NestedLibrary", "NestedLibrary\NestedLibrary.xproj", "{AEE58B96-8157-48F8-ACF2-384AD1AA2002}"
EndProject
Project("{8BB2217D-0F2D-49D1-97BC-3654ED321F3B}") = "StructureMap.Testing.Widget", "StructureMap.Testing.Widget\StructureMap.Testing.Widget.xproj", "{BC79F8DD-E70F-4C43-BAA5-54FB3F2ABF64}"
EndProject
Project("{8BB2217D-0F2D-49D1-97BC-3654ED321F3B}") = "StructureMap.Testing.Widget2", "StructureMap.Testing.Widget2\StructureMap.Testing.Widget2.xproj", "{7640168E-9450-4BEC-A6BE-44DD38251ED3}"
EndProject
Project("{8BB2217D-0F2D-49D1-97BC-3654ED321F3B}") = "StructureMap.Testing.Widget3", "StructureMap.Testing.Widget3\StructureMap.Testing.Widget3.xproj", "{05DF27CF-36B4-4884-9BC8-A5FB2924558E}"
EndProject
Project("{8BB2217D-0F2D-49D1-97BC-3654ED321F3B}") = "StructureMap.Testing.Widget4", "StructureMap.Testing.Widget4\StructureMap.Testing.Widget4.xproj", "{B9E07469-CA6F-4714-9A9A-48EB5430584D}"
EndProject
Project("{8BB2217D-0F2D-49D1-97BC-3654ED321F3B}") = "StructureMap.Testing.Widget5", "StructureMap.Testing.Widget5\StructureMap.Testing.Widget5.xproj", "{CDB8D624-1300-4C4D-9D1F-519069B2E89A}"
EndProject
Project("{8BB2217D-0F2D-49D1-97BC-3654ED321F3B}") = "StructureMap.Testing.GenericWidgets", "StructureMap.Testing.GenericWidgets\StructureMap.Testing.GenericWidgets.xproj", "{F98E53E0-60E7-44E5-9FB0-944EFF618542}"
EndProject
Project("{8BB2217D-0F2D-49D1-97BC-3654ED321F3B}") = "StructureMap.Testing.ExeWidget", "StructureMap.Testing.ExeWidget\StructureMap.Testing.ExeWidget.xproj", "{AF2D4999-0F49-454F-B971-C10DCEEA03BE}"
EndProject
Project("{8BB2217D-0F2D-49D1-97BC-3654ED321F3B}") = "StructureMap", "StructureMap\StructureMap.xproj", "{05BA5B0A-7680-4FA2-8CC2-64BE5B4D65C0}"
EndProject
Global
	GlobalSection(SolutionConfigurationPlatforms) = preSolution
		Build|.NET = Build|.NET
		Build|Any CPU = Build|Any CPU
		Build|Mixed Platforms = Build|Mixed Platforms
		Debug|.NET = Debug|.NET
		Debug|Any CPU = Debug|Any CPU
		Debug|Mixed Platforms = Debug|Mixed Platforms
		NET45WP8|.NET = NET45WP8|.NET
		NET45WP8|Any CPU = NET45WP8|Any CPU
		NET45WP8|Mixed Platforms = NET45WP8|Mixed Platforms
		Release|.NET = Release|.NET
		Release|Any CPU = Release|Any CPU
		Release|Mixed Platforms = Release|Mixed Platforms
		ReleaseSign|.NET = ReleaseSign|.NET
		ReleaseSign|Any CPU = ReleaseSign|Any CPU
		ReleaseSign|Mixed Platforms = ReleaseSign|Mixed Platforms
	EndGlobalSection
	GlobalSection(ProjectConfigurationPlatforms) = postSolution
		{63C2742D-B6E2-484F-AFDB-346873075C5E}.Build|.NET.ActiveCfg = Release|Any CPU
		{63C2742D-B6E2-484F-AFDB-346873075C5E}.Build|Any CPU.ActiveCfg = Release|Any CPU
		{63C2742D-B6E2-484F-AFDB-346873075C5E}.Build|Any CPU.Build.0 = Release|Any CPU
		{63C2742D-B6E2-484F-AFDB-346873075C5E}.Build|Mixed Platforms.ActiveCfg = Release|Any CPU
		{63C2742D-B6E2-484F-AFDB-346873075C5E}.Build|Mixed Platforms.Build.0 = Release|Any CPU
		{63C2742D-B6E2-484F-AFDB-346873075C5E}.Debug|.NET.ActiveCfg = Debug|Any CPU
		{63C2742D-B6E2-484F-AFDB-346873075C5E}.Debug|Any CPU.ActiveCfg = Debug|Any CPU
		{63C2742D-B6E2-484F-AFDB-346873075C5E}.Debug|Any CPU.Build.0 = Debug|Any CPU
		{63C2742D-B6E2-484F-AFDB-346873075C5E}.Debug|Mixed Platforms.ActiveCfg = Debug|Any CPU
		{63C2742D-B6E2-484F-AFDB-346873075C5E}.Debug|Mixed Platforms.Build.0 = Debug|Any CPU
		{63C2742D-B6E2-484F-AFDB-346873075C5E}.NET45WP8|.NET.ActiveCfg = Debug|Any CPU
		{63C2742D-B6E2-484F-AFDB-346873075C5E}.NET45WP8|Any CPU.ActiveCfg = Debug|Any CPU
		{63C2742D-B6E2-484F-AFDB-346873075C5E}.NET45WP8|Any CPU.Build.0 = Debug|Any CPU
		{63C2742D-B6E2-484F-AFDB-346873075C5E}.NET45WP8|Mixed Platforms.ActiveCfg = Debug|Any CPU
		{63C2742D-B6E2-484F-AFDB-346873075C5E}.Release|.NET.ActiveCfg = Release|Any CPU
		{63C2742D-B6E2-484F-AFDB-346873075C5E}.Release|Any CPU.ActiveCfg = Release|Any CPU
		{63C2742D-B6E2-484F-AFDB-346873075C5E}.Release|Any CPU.Build.0 = Release|Any CPU
		{63C2742D-B6E2-484F-AFDB-346873075C5E}.Release|Mixed Platforms.ActiveCfg = Release|Any CPU
		{63C2742D-B6E2-484F-AFDB-346873075C5E}.Release|Mixed Platforms.Build.0 = Release|Any CPU
		{63C2742D-B6E2-484F-AFDB-346873075C5E}.ReleaseSign|.NET.ActiveCfg = Release|Any CPU
		{63C2742D-B6E2-484F-AFDB-346873075C5E}.ReleaseSign|Any CPU.ActiveCfg = Release|Any CPU
		{63C2742D-B6E2-484F-AFDB-346873075C5E}.ReleaseSign|Any CPU.Build.0 = Release|Any CPU
		{63C2742D-B6E2-484F-AFDB-346873075C5E}.ReleaseSign|Mixed Platforms.ActiveCfg = Release|Any CPU
		{63C2742D-B6E2-484F-AFDB-346873075C5E}.ReleaseSign|Mixed Platforms.Build.0 = Release|Any CPU
		{AEE58B96-8157-48F8-ACF2-384AD1AA2002}.Build|.NET.ActiveCfg = Debug|Any CPU
		{AEE58B96-8157-48F8-ACF2-384AD1AA2002}.Build|.NET.Build.0 = Debug|Any CPU
		{AEE58B96-8157-48F8-ACF2-384AD1AA2002}.Build|Any CPU.ActiveCfg = Debug|Any CPU
		{AEE58B96-8157-48F8-ACF2-384AD1AA2002}.Build|Any CPU.Build.0 = Debug|Any CPU
		{AEE58B96-8157-48F8-ACF2-384AD1AA2002}.Build|Mixed Platforms.ActiveCfg = Debug|Any CPU
		{AEE58B96-8157-48F8-ACF2-384AD1AA2002}.Build|Mixed Platforms.Build.0 = Debug|Any CPU
		{AEE58B96-8157-48F8-ACF2-384AD1AA2002}.Debug|.NET.ActiveCfg = Debug|Any CPU
		{AEE58B96-8157-48F8-ACF2-384AD1AA2002}.Debug|.NET.Build.0 = Debug|Any CPU
		{AEE58B96-8157-48F8-ACF2-384AD1AA2002}.Debug|Any CPU.ActiveCfg = Debug|Any CPU
		{AEE58B96-8157-48F8-ACF2-384AD1AA2002}.Debug|Any CPU.Build.0 = Debug|Any CPU
		{AEE58B96-8157-48F8-ACF2-384AD1AA2002}.Debug|Mixed Platforms.ActiveCfg = Debug|Any CPU
		{AEE58B96-8157-48F8-ACF2-384AD1AA2002}.Debug|Mixed Platforms.Build.0 = Debug|Any CPU
		{AEE58B96-8157-48F8-ACF2-384AD1AA2002}.NET45WP8|.NET.ActiveCfg = Debug|Any CPU
		{AEE58B96-8157-48F8-ACF2-384AD1AA2002}.NET45WP8|.NET.Build.0 = Debug|Any CPU
		{AEE58B96-8157-48F8-ACF2-384AD1AA2002}.NET45WP8|Any CPU.ActiveCfg = Debug|Any CPU
		{AEE58B96-8157-48F8-ACF2-384AD1AA2002}.NET45WP8|Any CPU.Build.0 = Debug|Any CPU
		{AEE58B96-8157-48F8-ACF2-384AD1AA2002}.NET45WP8|Mixed Platforms.ActiveCfg = Debug|Any CPU
		{AEE58B96-8157-48F8-ACF2-384AD1AA2002}.NET45WP8|Mixed Platforms.Build.0 = Debug|Any CPU
		{AEE58B96-8157-48F8-ACF2-384AD1AA2002}.Release|.NET.ActiveCfg = Release|Any CPU
		{AEE58B96-8157-48F8-ACF2-384AD1AA2002}.Release|.NET.Build.0 = Release|Any CPU
		{AEE58B96-8157-48F8-ACF2-384AD1AA2002}.Release|Any CPU.ActiveCfg = Release|Any CPU
		{AEE58B96-8157-48F8-ACF2-384AD1AA2002}.Release|Any CPU.Build.0 = Release|Any CPU
		{AEE58B96-8157-48F8-ACF2-384AD1AA2002}.Release|Mixed Platforms.ActiveCfg = Release|Any CPU
		{AEE58B96-8157-48F8-ACF2-384AD1AA2002}.Release|Mixed Platforms.Build.0 = Release|Any CPU
		{AEE58B96-8157-48F8-ACF2-384AD1AA2002}.ReleaseSign|.NET.ActiveCfg = Release|Any CPU
		{AEE58B96-8157-48F8-ACF2-384AD1AA2002}.ReleaseSign|.NET.Build.0 = Release|Any CPU
		{AEE58B96-8157-48F8-ACF2-384AD1AA2002}.ReleaseSign|Any CPU.ActiveCfg = Release|Any CPU
		{AEE58B96-8157-48F8-ACF2-384AD1AA2002}.ReleaseSign|Any CPU.Build.0 = Release|Any CPU
		{AEE58B96-8157-48F8-ACF2-384AD1AA2002}.ReleaseSign|Mixed Platforms.ActiveCfg = Release|Any CPU
		{AEE58B96-8157-48F8-ACF2-384AD1AA2002}.ReleaseSign|Mixed Platforms.Build.0 = Release|Any CPU
		{BC79F8DD-E70F-4C43-BAA5-54FB3F2ABF64}.Build|.NET.ActiveCfg = Debug|Any CPU
		{BC79F8DD-E70F-4C43-BAA5-54FB3F2ABF64}.Build|.NET.Build.0 = Debug|Any CPU
		{BC79F8DD-E70F-4C43-BAA5-54FB3F2ABF64}.Build|Any CPU.ActiveCfg = Debug|Any CPU
		{BC79F8DD-E70F-4C43-BAA5-54FB3F2ABF64}.Build|Any CPU.Build.0 = Debug|Any CPU
		{BC79F8DD-E70F-4C43-BAA5-54FB3F2ABF64}.Build|Mixed Platforms.ActiveCfg = Debug|Any CPU
		{BC79F8DD-E70F-4C43-BAA5-54FB3F2ABF64}.Build|Mixed Platforms.Build.0 = Debug|Any CPU
		{BC79F8DD-E70F-4C43-BAA5-54FB3F2ABF64}.Debug|.NET.ActiveCfg = Debug|Any CPU
		{BC79F8DD-E70F-4C43-BAA5-54FB3F2ABF64}.Debug|.NET.Build.0 = Debug|Any CPU
		{BC79F8DD-E70F-4C43-BAA5-54FB3F2ABF64}.Debug|Any CPU.ActiveCfg = Debug|Any CPU
		{BC79F8DD-E70F-4C43-BAA5-54FB3F2ABF64}.Debug|Any CPU.Build.0 = Debug|Any CPU
		{BC79F8DD-E70F-4C43-BAA5-54FB3F2ABF64}.Debug|Mixed Platforms.ActiveCfg = Debug|Any CPU
		{BC79F8DD-E70F-4C43-BAA5-54FB3F2ABF64}.Debug|Mixed Platforms.Build.0 = Debug|Any CPU
		{BC79F8DD-E70F-4C43-BAA5-54FB3F2ABF64}.NET45WP8|.NET.ActiveCfg = Debug|Any CPU
		{BC79F8DD-E70F-4C43-BAA5-54FB3F2ABF64}.NET45WP8|.NET.Build.0 = Debug|Any CPU
		{BC79F8DD-E70F-4C43-BAA5-54FB3F2ABF64}.NET45WP8|Any CPU.ActiveCfg = Debug|Any CPU
		{BC79F8DD-E70F-4C43-BAA5-54FB3F2ABF64}.NET45WP8|Any CPU.Build.0 = Debug|Any CPU
		{BC79F8DD-E70F-4C43-BAA5-54FB3F2ABF64}.NET45WP8|Mixed Platforms.ActiveCfg = Debug|Any CPU
		{BC79F8DD-E70F-4C43-BAA5-54FB3F2ABF64}.NET45WP8|Mixed Platforms.Build.0 = Debug|Any CPU
		{BC79F8DD-E70F-4C43-BAA5-54FB3F2ABF64}.Release|.NET.ActiveCfg = Release|Any CPU
		{BC79F8DD-E70F-4C43-BAA5-54FB3F2ABF64}.Release|.NET.Build.0 = Release|Any CPU
		{BC79F8DD-E70F-4C43-BAA5-54FB3F2ABF64}.Release|Any CPU.ActiveCfg = Release|Any CPU
		{BC79F8DD-E70F-4C43-BAA5-54FB3F2ABF64}.Release|Any CPU.Build.0 = Release|Any CPU
		{BC79F8DD-E70F-4C43-BAA5-54FB3F2ABF64}.Release|Mixed Platforms.ActiveCfg = Release|Any CPU
		{BC79F8DD-E70F-4C43-BAA5-54FB3F2ABF64}.Release|Mixed Platforms.Build.0 = Release|Any CPU
		{BC79F8DD-E70F-4C43-BAA5-54FB3F2ABF64}.ReleaseSign|.NET.ActiveCfg = Release|Any CPU
		{BC79F8DD-E70F-4C43-BAA5-54FB3F2ABF64}.ReleaseSign|.NET.Build.0 = Release|Any CPU
		{BC79F8DD-E70F-4C43-BAA5-54FB3F2ABF64}.ReleaseSign|Any CPU.ActiveCfg = Release|Any CPU
		{BC79F8DD-E70F-4C43-BAA5-54FB3F2ABF64}.ReleaseSign|Any CPU.Build.0 = Release|Any CPU
		{BC79F8DD-E70F-4C43-BAA5-54FB3F2ABF64}.ReleaseSign|Mixed Platforms.ActiveCfg = Release|Any CPU
		{BC79F8DD-E70F-4C43-BAA5-54FB3F2ABF64}.ReleaseSign|Mixed Platforms.Build.0 = Release|Any CPU
		{7640168E-9450-4BEC-A6BE-44DD38251ED3}.Build|.NET.ActiveCfg = Debug|Any CPU
		{7640168E-9450-4BEC-A6BE-44DD38251ED3}.Build|.NET.Build.0 = Debug|Any CPU
		{7640168E-9450-4BEC-A6BE-44DD38251ED3}.Build|Any CPU.ActiveCfg = Debug|Any CPU
		{7640168E-9450-4BEC-A6BE-44DD38251ED3}.Build|Any CPU.Build.0 = Debug|Any CPU
		{7640168E-9450-4BEC-A6BE-44DD38251ED3}.Build|Mixed Platforms.ActiveCfg = Debug|Any CPU
		{7640168E-9450-4BEC-A6BE-44DD38251ED3}.Build|Mixed Platforms.Build.0 = Debug|Any CPU
		{7640168E-9450-4BEC-A6BE-44DD38251ED3}.Debug|.NET.ActiveCfg = Debug|Any CPU
		{7640168E-9450-4BEC-A6BE-44DD38251ED3}.Debug|.NET.Build.0 = Debug|Any CPU
		{7640168E-9450-4BEC-A6BE-44DD38251ED3}.Debug|Any CPU.ActiveCfg = Debug|Any CPU
		{7640168E-9450-4BEC-A6BE-44DD38251ED3}.Debug|Any CPU.Build.0 = Debug|Any CPU
		{7640168E-9450-4BEC-A6BE-44DD38251ED3}.Debug|Mixed Platforms.ActiveCfg = Debug|Any CPU
		{7640168E-9450-4BEC-A6BE-44DD38251ED3}.Debug|Mixed Platforms.Build.0 = Debug|Any CPU
		{7640168E-9450-4BEC-A6BE-44DD38251ED3}.NET45WP8|.NET.ActiveCfg = Debug|Any CPU
		{7640168E-9450-4BEC-A6BE-44DD38251ED3}.NET45WP8|.NET.Build.0 = Debug|Any CPU
		{7640168E-9450-4BEC-A6BE-44DD38251ED3}.NET45WP8|Any CPU.ActiveCfg = Debug|Any CPU
		{7640168E-9450-4BEC-A6BE-44DD38251ED3}.NET45WP8|Any CPU.Build.0 = Debug|Any CPU
		{7640168E-9450-4BEC-A6BE-44DD38251ED3}.NET45WP8|Mixed Platforms.ActiveCfg = Debug|Any CPU
		{7640168E-9450-4BEC-A6BE-44DD38251ED3}.NET45WP8|Mixed Platforms.Build.0 = Debug|Any CPU
		{7640168E-9450-4BEC-A6BE-44DD38251ED3}.Release|.NET.ActiveCfg = Release|Any CPU
		{7640168E-9450-4BEC-A6BE-44DD38251ED3}.Release|.NET.Build.0 = Release|Any CPU
		{7640168E-9450-4BEC-A6BE-44DD38251ED3}.Release|Any CPU.ActiveCfg = Release|Any CPU
		{7640168E-9450-4BEC-A6BE-44DD38251ED3}.Release|Any CPU.Build.0 = Release|Any CPU
		{7640168E-9450-4BEC-A6BE-44DD38251ED3}.Release|Mixed Platforms.ActiveCfg = Release|Any CPU
		{7640168E-9450-4BEC-A6BE-44DD38251ED3}.Release|Mixed Platforms.Build.0 = Release|Any CPU
		{7640168E-9450-4BEC-A6BE-44DD38251ED3}.ReleaseSign|.NET.ActiveCfg = Release|Any CPU
		{7640168E-9450-4BEC-A6BE-44DD38251ED3}.ReleaseSign|.NET.Build.0 = Release|Any CPU
		{7640168E-9450-4BEC-A6BE-44DD38251ED3}.ReleaseSign|Any CPU.ActiveCfg = Release|Any CPU
		{7640168E-9450-4BEC-A6BE-44DD38251ED3}.ReleaseSign|Any CPU.Build.0 = Release|Any CPU
		{7640168E-9450-4BEC-A6BE-44DD38251ED3}.ReleaseSign|Mixed Platforms.ActiveCfg = Release|Any CPU
		{7640168E-9450-4BEC-A6BE-44DD38251ED3}.ReleaseSign|Mixed Platforms.Build.0 = Release|Any CPU
		{05DF27CF-36B4-4884-9BC8-A5FB2924558E}.Build|.NET.ActiveCfg = Debug|Any CPU
		{05DF27CF-36B4-4884-9BC8-A5FB2924558E}.Build|.NET.Build.0 = Debug|Any CPU
		{05DF27CF-36B4-4884-9BC8-A5FB2924558E}.Build|Any CPU.ActiveCfg = Debug|Any CPU
		{05DF27CF-36B4-4884-9BC8-A5FB2924558E}.Build|Any CPU.Build.0 = Debug|Any CPU
		{05DF27CF-36B4-4884-9BC8-A5FB2924558E}.Build|Mixed Platforms.ActiveCfg = Debug|Any CPU
		{05DF27CF-36B4-4884-9BC8-A5FB2924558E}.Build|Mixed Platforms.Build.0 = Debug|Any CPU
		{05DF27CF-36B4-4884-9BC8-A5FB2924558E}.Debug|.NET.ActiveCfg = Debug|Any CPU
		{05DF27CF-36B4-4884-9BC8-A5FB2924558E}.Debug|.NET.Build.0 = Debug|Any CPU
		{05DF27CF-36B4-4884-9BC8-A5FB2924558E}.Debug|Any CPU.ActiveCfg = Debug|Any CPU
		{05DF27CF-36B4-4884-9BC8-A5FB2924558E}.Debug|Any CPU.Build.0 = Debug|Any CPU
		{05DF27CF-36B4-4884-9BC8-A5FB2924558E}.Debug|Mixed Platforms.ActiveCfg = Debug|Any CPU
		{05DF27CF-36B4-4884-9BC8-A5FB2924558E}.Debug|Mixed Platforms.Build.0 = Debug|Any CPU
		{05DF27CF-36B4-4884-9BC8-A5FB2924558E}.NET45WP8|.NET.ActiveCfg = Debug|Any CPU
		{05DF27CF-36B4-4884-9BC8-A5FB2924558E}.NET45WP8|.NET.Build.0 = Debug|Any CPU
		{05DF27CF-36B4-4884-9BC8-A5FB2924558E}.NET45WP8|Any CPU.ActiveCfg = Debug|Any CPU
		{05DF27CF-36B4-4884-9BC8-A5FB2924558E}.NET45WP8|Any CPU.Build.0 = Debug|Any CPU
		{05DF27CF-36B4-4884-9BC8-A5FB2924558E}.NET45WP8|Mixed Platforms.ActiveCfg = Debug|Any CPU
		{05DF27CF-36B4-4884-9BC8-A5FB2924558E}.NET45WP8|Mixed Platforms.Build.0 = Debug|Any CPU
		{05DF27CF-36B4-4884-9BC8-A5FB2924558E}.Release|.NET.ActiveCfg = Release|Any CPU
		{05DF27CF-36B4-4884-9BC8-A5FB2924558E}.Release|.NET.Build.0 = Release|Any CPU
		{05DF27CF-36B4-4884-9BC8-A5FB2924558E}.Release|Any CPU.ActiveCfg = Release|Any CPU
		{05DF27CF-36B4-4884-9BC8-A5FB2924558E}.Release|Any CPU.Build.0 = Release|Any CPU
		{05DF27CF-36B4-4884-9BC8-A5FB2924558E}.Release|Mixed Platforms.ActiveCfg = Release|Any CPU
		{05DF27CF-36B4-4884-9BC8-A5FB2924558E}.Release|Mixed Platforms.Build.0 = Release|Any CPU
		{05DF27CF-36B4-4884-9BC8-A5FB2924558E}.ReleaseSign|.NET.ActiveCfg = Release|Any CPU
		{05DF27CF-36B4-4884-9BC8-A5FB2924558E}.ReleaseSign|.NET.Build.0 = Release|Any CPU
		{05DF27CF-36B4-4884-9BC8-A5FB2924558E}.ReleaseSign|Any CPU.ActiveCfg = Release|Any CPU
		{05DF27CF-36B4-4884-9BC8-A5FB2924558E}.ReleaseSign|Any CPU.Build.0 = Release|Any CPU
		{05DF27CF-36B4-4884-9BC8-A5FB2924558E}.ReleaseSign|Mixed Platforms.ActiveCfg = Release|Any CPU
		{05DF27CF-36B4-4884-9BC8-A5FB2924558E}.ReleaseSign|Mixed Platforms.Build.0 = Release|Any CPU
		{B9E07469-CA6F-4714-9A9A-48EB5430584D}.Build|.NET.ActiveCfg = Debug|Any CPU
		{B9E07469-CA6F-4714-9A9A-48EB5430584D}.Build|.NET.Build.0 = Debug|Any CPU
		{B9E07469-CA6F-4714-9A9A-48EB5430584D}.Build|Any CPU.ActiveCfg = Debug|Any CPU
		{B9E07469-CA6F-4714-9A9A-48EB5430584D}.Build|Any CPU.Build.0 = Debug|Any CPU
		{B9E07469-CA6F-4714-9A9A-48EB5430584D}.Build|Mixed Platforms.ActiveCfg = Debug|Any CPU
		{B9E07469-CA6F-4714-9A9A-48EB5430584D}.Build|Mixed Platforms.Build.0 = Debug|Any CPU
		{B9E07469-CA6F-4714-9A9A-48EB5430584D}.Debug|.NET.ActiveCfg = Debug|Any CPU
		{B9E07469-CA6F-4714-9A9A-48EB5430584D}.Debug|.NET.Build.0 = Debug|Any CPU
		{B9E07469-CA6F-4714-9A9A-48EB5430584D}.Debug|Any CPU.ActiveCfg = Debug|Any CPU
		{B9E07469-CA6F-4714-9A9A-48EB5430584D}.Debug|Any CPU.Build.0 = Debug|Any CPU
		{B9E07469-CA6F-4714-9A9A-48EB5430584D}.Debug|Mixed Platforms.ActiveCfg = Debug|Any CPU
		{B9E07469-CA6F-4714-9A9A-48EB5430584D}.Debug|Mixed Platforms.Build.0 = Debug|Any CPU
		{B9E07469-CA6F-4714-9A9A-48EB5430584D}.NET45WP8|.NET.ActiveCfg = Debug|Any CPU
		{B9E07469-CA6F-4714-9A9A-48EB5430584D}.NET45WP8|.NET.Build.0 = Debug|Any CPU
		{B9E07469-CA6F-4714-9A9A-48EB5430584D}.NET45WP8|Any CPU.ActiveCfg = Debug|Any CPU
		{B9E07469-CA6F-4714-9A9A-48EB5430584D}.NET45WP8|Any CPU.Build.0 = Debug|Any CPU
		{B9E07469-CA6F-4714-9A9A-48EB5430584D}.NET45WP8|Mixed Platforms.ActiveCfg = Debug|Any CPU
		{B9E07469-CA6F-4714-9A9A-48EB5430584D}.NET45WP8|Mixed Platforms.Build.0 = Debug|Any CPU
		{B9E07469-CA6F-4714-9A9A-48EB5430584D}.Release|.NET.ActiveCfg = Release|Any CPU
		{B9E07469-CA6F-4714-9A9A-48EB5430584D}.Release|.NET.Build.0 = Release|Any CPU
		{B9E07469-CA6F-4714-9A9A-48EB5430584D}.Release|Any CPU.ActiveCfg = Release|Any CPU
		{B9E07469-CA6F-4714-9A9A-48EB5430584D}.Release|Any CPU.Build.0 = Release|Any CPU
		{B9E07469-CA6F-4714-9A9A-48EB5430584D}.Release|Mixed Platforms.ActiveCfg = Release|Any CPU
		{B9E07469-CA6F-4714-9A9A-48EB5430584D}.Release|Mixed Platforms.Build.0 = Release|Any CPU
		{B9E07469-CA6F-4714-9A9A-48EB5430584D}.ReleaseSign|.NET.ActiveCfg = Release|Any CPU
		{B9E07469-CA6F-4714-9A9A-48EB5430584D}.ReleaseSign|.NET.Build.0 = Release|Any CPU
		{B9E07469-CA6F-4714-9A9A-48EB5430584D}.ReleaseSign|Any CPU.ActiveCfg = Release|Any CPU
		{B9E07469-CA6F-4714-9A9A-48EB5430584D}.ReleaseSign|Any CPU.Build.0 = Release|Any CPU
		{B9E07469-CA6F-4714-9A9A-48EB5430584D}.ReleaseSign|Mixed Platforms.ActiveCfg = Release|Any CPU
		{B9E07469-CA6F-4714-9A9A-48EB5430584D}.ReleaseSign|Mixed Platforms.Build.0 = Release|Any CPU
		{CDB8D624-1300-4C4D-9D1F-519069B2E89A}.Build|.NET.ActiveCfg = Debug|Any CPU
		{CDB8D624-1300-4C4D-9D1F-519069B2E89A}.Build|.NET.Build.0 = Debug|Any CPU
		{CDB8D624-1300-4C4D-9D1F-519069B2E89A}.Build|Any CPU.ActiveCfg = Debug|Any CPU
		{CDB8D624-1300-4C4D-9D1F-519069B2E89A}.Build|Any CPU.Build.0 = Debug|Any CPU
		{CDB8D624-1300-4C4D-9D1F-519069B2E89A}.Build|Mixed Platforms.ActiveCfg = Debug|Any CPU
		{CDB8D624-1300-4C4D-9D1F-519069B2E89A}.Build|Mixed Platforms.Build.0 = Debug|Any CPU
		{CDB8D624-1300-4C4D-9D1F-519069B2E89A}.Debug|.NET.ActiveCfg = Debug|Any CPU
		{CDB8D624-1300-4C4D-9D1F-519069B2E89A}.Debug|.NET.Build.0 = Debug|Any CPU
		{CDB8D624-1300-4C4D-9D1F-519069B2E89A}.Debug|Any CPU.ActiveCfg = Debug|Any CPU
		{CDB8D624-1300-4C4D-9D1F-519069B2E89A}.Debug|Any CPU.Build.0 = Debug|Any CPU
		{CDB8D624-1300-4C4D-9D1F-519069B2E89A}.Debug|Mixed Platforms.ActiveCfg = Debug|Any CPU
		{CDB8D624-1300-4C4D-9D1F-519069B2E89A}.Debug|Mixed Platforms.Build.0 = Debug|Any CPU
		{CDB8D624-1300-4C4D-9D1F-519069B2E89A}.NET45WP8|.NET.ActiveCfg = Debug|Any CPU
		{CDB8D624-1300-4C4D-9D1F-519069B2E89A}.NET45WP8|.NET.Build.0 = Debug|Any CPU
		{CDB8D624-1300-4C4D-9D1F-519069B2E89A}.NET45WP8|Any CPU.ActiveCfg = Debug|Any CPU
		{CDB8D624-1300-4C4D-9D1F-519069B2E89A}.NET45WP8|Any CPU.Build.0 = Debug|Any CPU
		{CDB8D624-1300-4C4D-9D1F-519069B2E89A}.NET45WP8|Mixed Platforms.ActiveCfg = Debug|Any CPU
		{CDB8D624-1300-4C4D-9D1F-519069B2E89A}.NET45WP8|Mixed Platforms.Build.0 = Debug|Any CPU
		{CDB8D624-1300-4C4D-9D1F-519069B2E89A}.Release|.NET.ActiveCfg = Release|Any CPU
		{CDB8D624-1300-4C4D-9D1F-519069B2E89A}.Release|.NET.Build.0 = Release|Any CPU
		{CDB8D624-1300-4C4D-9D1F-519069B2E89A}.Release|Any CPU.ActiveCfg = Release|Any CPU
		{CDB8D624-1300-4C4D-9D1F-519069B2E89A}.Release|Any CPU.Build.0 = Release|Any CPU
		{CDB8D624-1300-4C4D-9D1F-519069B2E89A}.Release|Mixed Platforms.ActiveCfg = Release|Any CPU
		{CDB8D624-1300-4C4D-9D1F-519069B2E89A}.Release|Mixed Platforms.Build.0 = Release|Any CPU
		{CDB8D624-1300-4C4D-9D1F-519069B2E89A}.ReleaseSign|.NET.ActiveCfg = Release|Any CPU
		{CDB8D624-1300-4C4D-9D1F-519069B2E89A}.ReleaseSign|.NET.Build.0 = Release|Any CPU
		{CDB8D624-1300-4C4D-9D1F-519069B2E89A}.ReleaseSign|Any CPU.ActiveCfg = Release|Any CPU
		{CDB8D624-1300-4C4D-9D1F-519069B2E89A}.ReleaseSign|Any CPU.Build.0 = Release|Any CPU
		{CDB8D624-1300-4C4D-9D1F-519069B2E89A}.ReleaseSign|Mixed Platforms.ActiveCfg = Release|Any CPU
		{CDB8D624-1300-4C4D-9D1F-519069B2E89A}.ReleaseSign|Mixed Platforms.Build.0 = Release|Any CPU
		{F98E53E0-60E7-44E5-9FB0-944EFF618542}.Build|.NET.ActiveCfg = Debug|Any CPU
		{F98E53E0-60E7-44E5-9FB0-944EFF618542}.Build|.NET.Build.0 = Debug|Any CPU
		{F98E53E0-60E7-44E5-9FB0-944EFF618542}.Build|Any CPU.ActiveCfg = Debug|Any CPU
		{F98E53E0-60E7-44E5-9FB0-944EFF618542}.Build|Any CPU.Build.0 = Debug|Any CPU
		{F98E53E0-60E7-44E5-9FB0-944EFF618542}.Build|Mixed Platforms.ActiveCfg = Debug|Any CPU
		{F98E53E0-60E7-44E5-9FB0-944EFF618542}.Build|Mixed Platforms.Build.0 = Debug|Any CPU
		{F98E53E0-60E7-44E5-9FB0-944EFF618542}.Debug|.NET.ActiveCfg = Debug|Any CPU
		{F98E53E0-60E7-44E5-9FB0-944EFF618542}.Debug|.NET.Build.0 = Debug|Any CPU
		{F98E53E0-60E7-44E5-9FB0-944EFF618542}.Debug|Any CPU.ActiveCfg = Debug|Any CPU
		{F98E53E0-60E7-44E5-9FB0-944EFF618542}.Debug|Any CPU.Build.0 = Debug|Any CPU
		{F98E53E0-60E7-44E5-9FB0-944EFF618542}.Debug|Mixed Platforms.ActiveCfg = Debug|Any CPU
		{F98E53E0-60E7-44E5-9FB0-944EFF618542}.Debug|Mixed Platforms.Build.0 = Debug|Any CPU
		{F98E53E0-60E7-44E5-9FB0-944EFF618542}.NET45WP8|.NET.ActiveCfg = Debug|Any CPU
		{F98E53E0-60E7-44E5-9FB0-944EFF618542}.NET45WP8|.NET.Build.0 = Debug|Any CPU
		{F98E53E0-60E7-44E5-9FB0-944EFF618542}.NET45WP8|Any CPU.ActiveCfg = Debug|Any CPU
		{F98E53E0-60E7-44E5-9FB0-944EFF618542}.NET45WP8|Any CPU.Build.0 = Debug|Any CPU
		{F98E53E0-60E7-44E5-9FB0-944EFF618542}.NET45WP8|Mixed Platforms.ActiveCfg = Debug|Any CPU
		{F98E53E0-60E7-44E5-9FB0-944EFF618542}.NET45WP8|Mixed Platforms.Build.0 = Debug|Any CPU
		{F98E53E0-60E7-44E5-9FB0-944EFF618542}.Release|.NET.ActiveCfg = Release|Any CPU
		{F98E53E0-60E7-44E5-9FB0-944EFF618542}.Release|.NET.Build.0 = Release|Any CPU
		{F98E53E0-60E7-44E5-9FB0-944EFF618542}.Release|Any CPU.ActiveCfg = Release|Any CPU
		{F98E53E0-60E7-44E5-9FB0-944EFF618542}.Release|Any CPU.Build.0 = Release|Any CPU
		{F98E53E0-60E7-44E5-9FB0-944EFF618542}.Release|Mixed Platforms.ActiveCfg = Release|Any CPU
		{F98E53E0-60E7-44E5-9FB0-944EFF618542}.Release|Mixed Platforms.Build.0 = Release|Any CPU
		{F98E53E0-60E7-44E5-9FB0-944EFF618542}.ReleaseSign|.NET.ActiveCfg = Release|Any CPU
		{F98E53E0-60E7-44E5-9FB0-944EFF618542}.ReleaseSign|.NET.Build.0 = Release|Any CPU
		{F98E53E0-60E7-44E5-9FB0-944EFF618542}.ReleaseSign|Any CPU.ActiveCfg = Release|Any CPU
		{F98E53E0-60E7-44E5-9FB0-944EFF618542}.ReleaseSign|Any CPU.Build.0 = Release|Any CPU
		{F98E53E0-60E7-44E5-9FB0-944EFF618542}.ReleaseSign|Mixed Platforms.ActiveCfg = Release|Any CPU
		{F98E53E0-60E7-44E5-9FB0-944EFF618542}.ReleaseSign|Mixed Platforms.Build.0 = Release|Any CPU
		{AF2D4999-0F49-454F-B971-C10DCEEA03BE}.Build|.NET.ActiveCfg = Debug|Any CPU
		{AF2D4999-0F49-454F-B971-C10DCEEA03BE}.Build|.NET.Build.0 = Debug|Any CPU
		{AF2D4999-0F49-454F-B971-C10DCEEA03BE}.Build|Any CPU.ActiveCfg = Debug|Any CPU
		{AF2D4999-0F49-454F-B971-C10DCEEA03BE}.Build|Any CPU.Build.0 = Debug|Any CPU
		{AF2D4999-0F49-454F-B971-C10DCEEA03BE}.Build|Mixed Platforms.ActiveCfg = Debug|Any CPU
		{AF2D4999-0F49-454F-B971-C10DCEEA03BE}.Build|Mixed Platforms.Build.0 = Debug|Any CPU
		{AF2D4999-0F49-454F-B971-C10DCEEA03BE}.Debug|.NET.ActiveCfg = Debug|Any CPU
		{AF2D4999-0F49-454F-B971-C10DCEEA03BE}.Debug|.NET.Build.0 = Debug|Any CPU
		{AF2D4999-0F49-454F-B971-C10DCEEA03BE}.Debug|Any CPU.ActiveCfg = Debug|Any CPU
		{AF2D4999-0F49-454F-B971-C10DCEEA03BE}.Debug|Any CPU.Build.0 = Debug|Any CPU
		{AF2D4999-0F49-454F-B971-C10DCEEA03BE}.Debug|Mixed Platforms.ActiveCfg = Debug|Any CPU
		{AF2D4999-0F49-454F-B971-C10DCEEA03BE}.Debug|Mixed Platforms.Build.0 = Debug|Any CPU
		{AF2D4999-0F49-454F-B971-C10DCEEA03BE}.NET45WP8|.NET.ActiveCfg = Debug|Any CPU
		{AF2D4999-0F49-454F-B971-C10DCEEA03BE}.NET45WP8|.NET.Build.0 = Debug|Any CPU
		{AF2D4999-0F49-454F-B971-C10DCEEA03BE}.NET45WP8|Any CPU.ActiveCfg = Debug|Any CPU
		{AF2D4999-0F49-454F-B971-C10DCEEA03BE}.NET45WP8|Any CPU.Build.0 = Debug|Any CPU
		{AF2D4999-0F49-454F-B971-C10DCEEA03BE}.NET45WP8|Mixed Platforms.ActiveCfg = Debug|Any CPU
		{AF2D4999-0F49-454F-B971-C10DCEEA03BE}.NET45WP8|Mixed Platforms.Build.0 = Debug|Any CPU
		{AF2D4999-0F49-454F-B971-C10DCEEA03BE}.Release|.NET.ActiveCfg = Release|Any CPU
		{AF2D4999-0F49-454F-B971-C10DCEEA03BE}.Release|.NET.Build.0 = Release|Any CPU
		{AF2D4999-0F49-454F-B971-C10DCEEA03BE}.Release|Any CPU.ActiveCfg = Release|Any CPU
		{AF2D4999-0F49-454F-B971-C10DCEEA03BE}.Release|Any CPU.Build.0 = Release|Any CPU
		{AF2D4999-0F49-454F-B971-C10DCEEA03BE}.Release|Mixed Platforms.ActiveCfg = Release|Any CPU
		{AF2D4999-0F49-454F-B971-C10DCEEA03BE}.Release|Mixed Platforms.Build.0 = Release|Any CPU
		{AF2D4999-0F49-454F-B971-C10DCEEA03BE}.ReleaseSign|.NET.ActiveCfg = Release|Any CPU
		{AF2D4999-0F49-454F-B971-C10DCEEA03BE}.ReleaseSign|.NET.Build.0 = Release|Any CPU
		{AF2D4999-0F49-454F-B971-C10DCEEA03BE}.ReleaseSign|Any CPU.ActiveCfg = Release|Any CPU
		{AF2D4999-0F49-454F-B971-C10DCEEA03BE}.ReleaseSign|Any CPU.Build.0 = Release|Any CPU
		{AF2D4999-0F49-454F-B971-C10DCEEA03BE}.ReleaseSign|Mixed Platforms.ActiveCfg = Release|Any CPU
		{AF2D4999-0F49-454F-B971-C10DCEEA03BE}.ReleaseSign|Mixed Platforms.Build.0 = Release|Any CPU
		{05BA5B0A-7680-4FA2-8CC2-64BE5B4D65C0}.Build|.NET.ActiveCfg = Debug|Any CPU
		{05BA5B0A-7680-4FA2-8CC2-64BE5B4D65C0}.Build|.NET.Build.0 = Debug|Any CPU
		{05BA5B0A-7680-4FA2-8CC2-64BE5B4D65C0}.Build|Any CPU.ActiveCfg = Debug|Any CPU
		{05BA5B0A-7680-4FA2-8CC2-64BE5B4D65C0}.Build|Any CPU.Build.0 = Debug|Any CPU
		{05BA5B0A-7680-4FA2-8CC2-64BE5B4D65C0}.Build|Mixed Platforms.ActiveCfg = Debug|Any CPU
		{05BA5B0A-7680-4FA2-8CC2-64BE5B4D65C0}.Build|Mixed Platforms.Build.0 = Debug|Any CPU
		{05BA5B0A-7680-4FA2-8CC2-64BE5B4D65C0}.Debug|.NET.ActiveCfg = Debug|Any CPU
		{05BA5B0A-7680-4FA2-8CC2-64BE5B4D65C0}.Debug|.NET.Build.0 = Debug|Any CPU
		{05BA5B0A-7680-4FA2-8CC2-64BE5B4D65C0}.Debug|Any CPU.ActiveCfg = Debug|Any CPU
		{05BA5B0A-7680-4FA2-8CC2-64BE5B4D65C0}.Debug|Any CPU.Build.0 = Debug|Any CPU
		{05BA5B0A-7680-4FA2-8CC2-64BE5B4D65C0}.Debug|Mixed Platforms.ActiveCfg = Debug|Any CPU
		{05BA5B0A-7680-4FA2-8CC2-64BE5B4D65C0}.Debug|Mixed Platforms.Build.0 = Debug|Any CPU
		{05BA5B0A-7680-4FA2-8CC2-64BE5B4D65C0}.NET45WP8|.NET.ActiveCfg = Debug|Any CPU
		{05BA5B0A-7680-4FA2-8CC2-64BE5B4D65C0}.NET45WP8|.NET.Build.0 = Debug|Any CPU
		{05BA5B0A-7680-4FA2-8CC2-64BE5B4D65C0}.NET45WP8|Any CPU.ActiveCfg = Debug|Any CPU
		{05BA5B0A-7680-4FA2-8CC2-64BE5B4D65C0}.NET45WP8|Any CPU.Build.0 = Debug|Any CPU
		{05BA5B0A-7680-4FA2-8CC2-64BE5B4D65C0}.NET45WP8|Mixed Platforms.ActiveCfg = Debug|Any CPU
		{05BA5B0A-7680-4FA2-8CC2-64BE5B4D65C0}.NET45WP8|Mixed Platforms.Build.0 = Debug|Any CPU
		{05BA5B0A-7680-4FA2-8CC2-64BE5B4D65C0}.Release|.NET.ActiveCfg = Release|Any CPU
		{05BA5B0A-7680-4FA2-8CC2-64BE5B4D65C0}.Release|.NET.Build.0 = Release|Any CPU
		{05BA5B0A-7680-4FA2-8CC2-64BE5B4D65C0}.Release|Any CPU.ActiveCfg = Release|Any CPU
		{05BA5B0A-7680-4FA2-8CC2-64BE5B4D65C0}.Release|Any CPU.Build.0 = Release|Any CPU
		{05BA5B0A-7680-4FA2-8CC2-64BE5B4D65C0}.Release|Mixed Platforms.ActiveCfg = Release|Any CPU
		{05BA5B0A-7680-4FA2-8CC2-64BE5B4D65C0}.Release|Mixed Platforms.Build.0 = Release|Any CPU
		{05BA5B0A-7680-4FA2-8CC2-64BE5B4D65C0}.ReleaseSign|.NET.ActiveCfg = Release|Any CPU
		{05BA5B0A-7680-4FA2-8CC2-64BE5B4D65C0}.ReleaseSign|.NET.Build.0 = Release|Any CPU
		{05BA5B0A-7680-4FA2-8CC2-64BE5B4D65C0}.ReleaseSign|Any CPU.ActiveCfg = Release|Any CPU
		{05BA5B0A-7680-4FA2-8CC2-64BE5B4D65C0}.ReleaseSign|Any CPU.Build.0 = Release|Any CPU
		{05BA5B0A-7680-4FA2-8CC2-64BE5B4D65C0}.ReleaseSign|Mixed Platforms.ActiveCfg = Release|Any CPU
		{05BA5B0A-7680-4FA2-8CC2-64BE5B4D65C0}.ReleaseSign|Mixed Platforms.Build.0 = Release|Any CPU
	EndGlobalSection
	GlobalSection(SolutionProperties) = preSolution
		HideSolutionNode = FALSE
	EndGlobalSection
	GlobalSection(NestedProjects) = preSolution
		{AEE58B96-8157-48F8-ACF2-384AD1AA2002} = {E1C10209-160D-4054-ACB7-478A9FDCF84C}
		{BC79F8DD-E70F-4C43-BAA5-54FB3F2ABF64} = {E1C10209-160D-4054-ACB7-478A9FDCF84C}
		{7640168E-9450-4BEC-A6BE-44DD38251ED3} = {E1C10209-160D-4054-ACB7-478A9FDCF84C}
		{05DF27CF-36B4-4884-9BC8-A5FB2924558E} = {E1C10209-160D-4054-ACB7-478A9FDCF84C}
		{B9E07469-CA6F-4714-9A9A-48EB5430584D} = {E1C10209-160D-4054-ACB7-478A9FDCF84C}
		{CDB8D624-1300-4C4D-9D1F-519069B2E89A} = {E1C10209-160D-4054-ACB7-478A9FDCF84C}
		{F98E53E0-60E7-44E5-9FB0-944EFF618542} = {E1C10209-160D-4054-ACB7-478A9FDCF84C}
		{AF2D4999-0F49-454F-B971-C10DCEEA03BE} = {E1C10209-160D-4054-ACB7-478A9FDCF84C}
	EndGlobalSection
EndGlobal
