Microsoft Visual Studio Solution File, Format Version 9.00
# Visual Studio 2005
Project("{FAE04EC0-301F-11D3-BF4B-00C04F79EFBC}") = "StructureMap", "StructureMap\StructureMap.csproj", "{3F36EA80-2F9A-4DAD-BA27-5AC6163A2EE3}"
EndProject
Project("{FAE04EC0-301F-11D3-BF4B-00C04F79EFBC}") = "StructureMap.Testing", "StructureMap.Testing\StructureMap.Testing.csproj", "{63C2742D-B6E2-484F-AFDB-346873075C5E}"
EndProject
Project("{FAE04EC0-301F-11D3-BF4B-00C04F79EFBC}") = "StructureMap.Testing.Widget", "StructureMap.Testing.Widget\StructureMap.Testing.Widget.csproj", "{E21E1651-3E32-47B7-A290-F461E63FEAD2}"
EndProject
Project("{FAE04EC0-301F-11D3-BF4B-00C04F79EFBC}") = "StructureMap.Testing.Widget2", "StructureMap.Testing.Widget2\StructureMap.Testing.Widget2.csproj", "{027E996C-75E8-40F8-9073-0E3B77A6BE1F}"
EndProject
Project("{FAE04EC0-301F-11D3-BF4B-00C04F79EFBC}") = "StructureMap.Testing.Widget3", "StructureMap.Testing.Widget3\StructureMap.Testing.Widget3.csproj", "{C8878328-281F-4F4F-8D6E-88C60F304B89}"
EndProject
Project("{FAE04EC0-301F-11D3-BF4B-00C04F79EFBC}") = "StructureMap.Testing.Widget4", "StructureMap.Testing.Widget4\StructureMap.Testing.Widget4.csproj", "{901D15CB-EF37-4F84-864B-E70F4B5F1DFF}"
EndProject
Project("{FAE04EC0-301F-11D3-BF4B-00C04F79EFBC}") = "StructureMap.Testing.Widget5", "StructureMap.Testing.Widget5\StructureMap.Testing.Widget5.csproj", "{CAB97F7F-FB75-410C-898A-88DCAAC036BE}"
EndProject
Project("{FAE04EC0-301F-11D3-BF4B-00C04F79EFBC}") = "StructureMap.DeploymentTasks", "StructureMap.DeploymentTasks\StructureMap.DeploymentTasks.csproj", "{DB6A0B91-873E-4E04-866A-7483E136A8D4}"
EndProject
Project("{2150E333-8FDC-42A3-9474-1A3956D46DE8}") = "Solution Items", "Solution Items", "{93877CE0-BA48-4F28-B372-B8E802CEE085}"
	ProjectSection(SolutionItems) = preProject
		..\Docs\Basic Architecture.htm = ..\Docs\Basic Architecture.htm
		CommonAssemblyInfo.cs = CommonAssemblyInfo.cs
		..\Docs\Concepts.htm = ..\Docs\Concepts.htm
		..\Docs\Configuration.htm = ..\Docs\Configuration.htm
		..\Docs\ConfigurationManagement.htm = ..\Docs\ConfigurationManagement.htm
		..\cruise.build = ..\cruise.build
		..\Docs\Default.htm = ..\Docs\Default.htm
		..\Deploy.build = ..\Deploy.build
		..\Docs\FAQ.htm = ..\Docs\FAQ.htm
		..\Docs\SingletonInjection.htm = ..\Docs\SingletonInjection.htm
		..\Docs\structuremap.deployment.htm = ..\Docs\structuremap.deployment.htm
		StructureMap.ndoc = StructureMap.ndoc
		structuremap.snk = structuremap.snk
		..\Docs\structuremap.verification.htm = ..\Docs\structuremap.verification.htm
		..\Docs\StructureMap.vsd = ..\Docs\StructureMap.vsd
		..\Docs\StructureMapDoctor.htm = ..\Docs\StructureMapDoctor.htm
		..\Docs\style.css = ..\Docs\style.css
		..\Docs\Troubleshooting.htm = ..\Docs\Troubleshooting.htm
		..\Docs\ValidationAttribute.htm = ..\Docs\ValidationAttribute.htm
	EndProjectSection
EndProject
Project("{FAE04EC0-301F-11D3-BF4B-00C04F79EFBC}") = "StructureMap.Testing.GenericWidgets", "StructureMap.Testing.GenericWidgets\StructureMap.Testing.GenericWidgets.csproj", "{C205EA4C-4CD0-4221-A3CB-AFD835F0B263}"
EndProject
Project("{FAE04EC0-301F-11D3-BF4B-00C04F79EFBC}") = "StructureMap.DataAccess", "StructureMap.DataAccess\StructureMap.DataAccess.csproj", "{DB798C07-0C82-4298-8BAA-D702CF96C28E}"
EndProject
Project("{2150E333-8FDC-42A3-9474-1A3956D46DE8}") = "Widgets", "Widgets", "{E1C10209-160D-4054-ACB7-478A9FDCF84C}"
EndProject
Project("{2150E333-8FDC-42A3-9474-1A3956D46DE8}") = "GUI", "GUI", "{4F638ECF-2A69-4D6A-9B68-05CC40951217}"
EndProject
Project("{FAE04EC0-301F-11D3-BF4B-00C04F79EFBC}") = "StructureMap.AutoMocking", "StructureMap.AutoMocking\StructureMap.AutoMocking.csproj", "{0ED1B206-A1C9-4A52-BA87-3BA416C8725C}"
EndProject
Global
	GlobalSection(SolutionConfigurationPlatforms) = preSolution
		Build|.NET = Build|.NET
		Build|Any CPU = Build|Any CPU
		Build|Mixed Platforms = Build|Mixed Platforms
		Debug|.NET = Debug|.NET
		Debug|Any CPU = Debug|Any CPU
		Debug|Mixed Platforms = Debug|Mixed Platforms
		Release|.NET = Release|.NET
		Release|Any CPU = Release|Any CPU
		Release|Mixed Platforms = Release|Mixed Platforms
	EndGlobalSection
	GlobalSection(ProjectConfigurationPlatforms) = postSolution
		{3F36EA80-2F9A-4DAD-BA27-5AC6163A2EE3}.Build|.NET.ActiveCfg = Build|Any CPU
		{3F36EA80-2F9A-4DAD-BA27-5AC6163A2EE3}.Build|Any CPU.ActiveCfg = Build|Any CPU
		{3F36EA80-2F9A-4DAD-BA27-5AC6163A2EE3}.Build|Any CPU.Build.0 = Build|Any CPU
		{3F36EA80-2F9A-4DAD-BA27-5AC6163A2EE3}.Build|Mixed Platforms.ActiveCfg = Build|Any CPU
		{3F36EA80-2F9A-4DAD-BA27-5AC6163A2EE3}.Build|Mixed Platforms.Build.0 = Build|Any CPU
		{3F36EA80-2F9A-4DAD-BA27-5AC6163A2EE3}.Debug|.NET.ActiveCfg = Debug|Any CPU
		{3F36EA80-2F9A-4DAD-BA27-5AC6163A2EE3}.Debug|Any CPU.ActiveCfg = Debug|Any CPU
		{3F36EA80-2F9A-4DAD-BA27-5AC6163A2EE3}.Debug|Any CPU.Build.0 = Debug|Any CPU
		{3F36EA80-2F9A-4DAD-BA27-5AC6163A2EE3}.Debug|Mixed Platforms.ActiveCfg = Debug|Any CPU
		{3F36EA80-2F9A-4DAD-BA27-5AC6163A2EE3}.Debug|Mixed Platforms.Build.0 = Debug|Any CPU
		{3F36EA80-2F9A-4DAD-BA27-5AC6163A2EE3}.Release|.NET.ActiveCfg = Release|Any CPU
		{3F36EA80-2F9A-4DAD-BA27-5AC6163A2EE3}.Release|Any CPU.ActiveCfg = Release|Any CPU
		{3F36EA80-2F9A-4DAD-BA27-5AC6163A2EE3}.Release|Any CPU.Build.0 = Release|Any CPU
		{3F36EA80-2F9A-4DAD-BA27-5AC6163A2EE3}.Release|Mixed Platforms.ActiveCfg = Release|Any CPU
		{3F36EA80-2F9A-4DAD-BA27-5AC6163A2EE3}.Release|Mixed Platforms.Build.0 = Release|Any CPU
		{63C2742D-B6E2-484F-AFDB-346873075C5E}.Build|.NET.ActiveCfg = Release|Any CPU
		{63C2742D-B6E2-484F-AFDB-346873075C5E}.Build|Any CPU.ActiveCfg = Release|Any CPU
		{63C2742D-B6E2-484F-AFDB-346873075C5E}.Build|Any CPU.Build.0 = Release|Any CPU
		{63C2742D-B6E2-484F-AFDB-346873075C5E}.Build|Mixed Platforms.ActiveCfg = Release|Any CPU
		{63C2742D-B6E2-484F-AFDB-346873075C5E}.Build|Mixed Platforms.Build.0 = Release|Any CPU
		{63C2742D-B6E2-484F-AFDB-346873075C5E}.Debug|.NET.ActiveCfg = Debug|Any CPU
		{63C2742D-B6E2-484F-AFDB-346873075C5E}.Debug|Any CPU.ActiveCfg = Debug|Any CPU
		{63C2742D-B6E2-484F-AFDB-346873075C5E}.Debug|Any CPU.Build.0 = Debug|Any CPU
		{63C2742D-B6E2-484F-AFDB-346873075C5E}.Debug|Mixed Platforms.ActiveCfg = Debug|Any CPU
		{63C2742D-B6E2-484F-AFDB-346873075C5E}.Debug|Mixed Platforms.Build.0 = Debug|Any CPU
		{63C2742D-B6E2-484F-AFDB-346873075C5E}.Release|.NET.ActiveCfg = Release|Any CPU
		{63C2742D-B6E2-484F-AFDB-346873075C5E}.Release|Any CPU.ActiveCfg = Release|Any CPU
		{63C2742D-B6E2-484F-AFDB-346873075C5E}.Release|Any CPU.Build.0 = Release|Any CPU
		{63C2742D-B6E2-484F-AFDB-346873075C5E}.Release|Mixed Platforms.ActiveCfg = Release|Any CPU
		{63C2742D-B6E2-484F-AFDB-346873075C5E}.Release|Mixed Platforms.Build.0 = Release|Any CPU
		{E21E1651-3E32-47B7-A290-F461E63FEAD2}.Build|.NET.ActiveCfg = Release|Any CPU
		{E21E1651-3E32-47B7-A290-F461E63FEAD2}.Build|Any CPU.ActiveCfg = Release|Any CPU
		{E21E1651-3E32-47B7-A290-F461E63FEAD2}.Build|Any CPU.Build.0 = Release|Any CPU
		{E21E1651-3E32-47B7-A290-F461E63FEAD2}.Build|Mixed Platforms.ActiveCfg = Release|Any CPU
		{E21E1651-3E32-47B7-A290-F461E63FEAD2}.Build|Mixed Platforms.Build.0 = Release|Any CPU
		{E21E1651-3E32-47B7-A290-F461E63FEAD2}.Debug|.NET.ActiveCfg = Debug|Any CPU
		{E21E1651-3E32-47B7-A290-F461E63FEAD2}.Debug|Any CPU.ActiveCfg = Debug|Any CPU
		{E21E1651-3E32-47B7-A290-F461E63FEAD2}.Debug|Any CPU.Build.0 = Debug|Any CPU
		{E21E1651-3E32-47B7-A290-F461E63FEAD2}.Debug|Mixed Platforms.ActiveCfg = Debug|Any CPU
		{E21E1651-3E32-47B7-A290-F461E63FEAD2}.Debug|Mixed Platforms.Build.0 = Debug|Any CPU
		{E21E1651-3E32-47B7-A290-F461E63FEAD2}.Release|.NET.ActiveCfg = Release|Any CPU
		{E21E1651-3E32-47B7-A290-F461E63FEAD2}.Release|Any CPU.ActiveCfg = Release|Any CPU
		{E21E1651-3E32-47B7-A290-F461E63FEAD2}.Release|Any CPU.Build.0 = Release|Any CPU
		{E21E1651-3E32-47B7-A290-F461E63FEAD2}.Release|Mixed Platforms.ActiveCfg = Release|Any CPU
		{E21E1651-3E32-47B7-A290-F461E63FEAD2}.Release|Mixed Platforms.Build.0 = Release|Any CPU
		{027E996C-75E8-40F8-9073-0E3B77A6BE1F}.Build|.NET.ActiveCfg = Release|Any CPU
		{027E996C-75E8-40F8-9073-0E3B77A6BE1F}.Build|Any CPU.ActiveCfg = Release|Any CPU
		{027E996C-75E8-40F8-9073-0E3B77A6BE1F}.Build|Any CPU.Build.0 = Release|Any CPU
		{027E996C-75E8-40F8-9073-0E3B77A6BE1F}.Build|Mixed Platforms.ActiveCfg = Release|Any CPU
		{027E996C-75E8-40F8-9073-0E3B77A6BE1F}.Build|Mixed Platforms.Build.0 = Release|Any CPU
		{027E996C-75E8-40F8-9073-0E3B77A6BE1F}.Debug|.NET.ActiveCfg = Debug|Any CPU
		{027E996C-75E8-40F8-9073-0E3B77A6BE1F}.Debug|Any CPU.ActiveCfg = Debug|Any CPU
		{027E996C-75E8-40F8-9073-0E3B77A6BE1F}.Debug|Any CPU.Build.0 = Debug|Any CPU
		{027E996C-75E8-40F8-9073-0E3B77A6BE1F}.Debug|Mixed Platforms.ActiveCfg = Debug|Any CPU
		{027E996C-75E8-40F8-9073-0E3B77A6BE1F}.Debug|Mixed Platforms.Build.0 = Debug|Any CPU
		{027E996C-75E8-40F8-9073-0E3B77A6BE1F}.Release|.NET.ActiveCfg = Release|Any CPU
		{027E996C-75E8-40F8-9073-0E3B77A6BE1F}.Release|Any CPU.ActiveCfg = Release|Any CPU
		{027E996C-75E8-40F8-9073-0E3B77A6BE1F}.Release|Any CPU.Build.0 = Release|Any CPU
		{027E996C-75E8-40F8-9073-0E3B77A6BE1F}.Release|Mixed Platforms.ActiveCfg = Release|Any CPU
		{027E996C-75E8-40F8-9073-0E3B77A6BE1F}.Release|Mixed Platforms.Build.0 = Release|Any CPU
		{C8878328-281F-4F4F-8D6E-88C60F304B89}.Build|.NET.ActiveCfg = Release|Any CPU
		{C8878328-281F-4F4F-8D6E-88C60F304B89}.Build|Any CPU.ActiveCfg = Release|Any CPU
		{C8878328-281F-4F4F-8D6E-88C60F304B89}.Build|Any CPU.Build.0 = Release|Any CPU
		{C8878328-281F-4F4F-8D6E-88C60F304B89}.Build|Mixed Platforms.ActiveCfg = Release|Any CPU
		{C8878328-281F-4F4F-8D6E-88C60F304B89}.Build|Mixed Platforms.Build.0 = Release|Any CPU
		{C8878328-281F-4F4F-8D6E-88C60F304B89}.Debug|.NET.ActiveCfg = Debug|Any CPU
		{C8878328-281F-4F4F-8D6E-88C60F304B89}.Debug|Any CPU.ActiveCfg = Debug|Any CPU
		{C8878328-281F-4F4F-8D6E-88C60F304B89}.Debug|Any CPU.Build.0 = Debug|Any CPU
		{C8878328-281F-4F4F-8D6E-88C60F304B89}.Debug|Mixed Platforms.ActiveCfg = Debug|Any CPU
		{C8878328-281F-4F4F-8D6E-88C60F304B89}.Debug|Mixed Platforms.Build.0 = Debug|Any CPU
		{C8878328-281F-4F4F-8D6E-88C60F304B89}.Release|.NET.ActiveCfg = Release|Any CPU
		{C8878328-281F-4F4F-8D6E-88C60F304B89}.Release|Any CPU.ActiveCfg = Release|Any CPU
		{C8878328-281F-4F4F-8D6E-88C60F304B89}.Release|Any CPU.Build.0 = Release|Any CPU
		{C8878328-281F-4F4F-8D6E-88C60F304B89}.Release|Mixed Platforms.ActiveCfg = Release|Any CPU
		{C8878328-281F-4F4F-8D6E-88C60F304B89}.Release|Mixed Platforms.Build.0 = Release|Any CPU
		{901D15CB-EF37-4F84-864B-E70F4B5F1DFF}.Build|.NET.ActiveCfg = Release|Any CPU
		{901D15CB-EF37-4F84-864B-E70F4B5F1DFF}.Build|Any CPU.ActiveCfg = Release|Any CPU
		{901D15CB-EF37-4F84-864B-E70F4B5F1DFF}.Build|Any CPU.Build.0 = Release|Any CPU
		{901D15CB-EF37-4F84-864B-E70F4B5F1DFF}.Build|Mixed Platforms.ActiveCfg = Release|Any CPU
		{901D15CB-EF37-4F84-864B-E70F4B5F1DFF}.Build|Mixed Platforms.Build.0 = Release|Any CPU
		{901D15CB-EF37-4F84-864B-E70F4B5F1DFF}.Debug|.NET.ActiveCfg = Debug|Any CPU
		{901D15CB-EF37-4F84-864B-E70F4B5F1DFF}.Debug|Any CPU.ActiveCfg = Debug|Any CPU
		{901D15CB-EF37-4F84-864B-E70F4B5F1DFF}.Debug|Any CPU.Build.0 = Debug|Any CPU
		{901D15CB-EF37-4F84-864B-E70F4B5F1DFF}.Debug|Mixed Platforms.ActiveCfg = Debug|Any CPU
		{901D15CB-EF37-4F84-864B-E70F4B5F1DFF}.Debug|Mixed Platforms.Build.0 = Debug|Any CPU
		{901D15CB-EF37-4F84-864B-E70F4B5F1DFF}.Release|.NET.ActiveCfg = Release|Any CPU
		{901D15CB-EF37-4F84-864B-E70F4B5F1DFF}.Release|Any CPU.ActiveCfg = Release|Any CPU
		{901D15CB-EF37-4F84-864B-E70F4B5F1DFF}.Release|Any CPU.Build.0 = Release|Any CPU
		{901D15CB-EF37-4F84-864B-E70F4B5F1DFF}.Release|Mixed Platforms.ActiveCfg = Release|Any CPU
		{901D15CB-EF37-4F84-864B-E70F4B5F1DFF}.Release|Mixed Platforms.Build.0 = Release|Any CPU
		{CAB97F7F-FB75-410C-898A-88DCAAC036BE}.Build|.NET.ActiveCfg = Release|Any CPU
		{CAB97F7F-FB75-410C-898A-88DCAAC036BE}.Build|Any CPU.ActiveCfg = Release|Any CPU
		{CAB97F7F-FB75-410C-898A-88DCAAC036BE}.Build|Any CPU.Build.0 = Release|Any CPU
		{CAB97F7F-FB75-410C-898A-88DCAAC036BE}.Build|Mixed Platforms.ActiveCfg = Release|Any CPU
		{CAB97F7F-FB75-410C-898A-88DCAAC036BE}.Build|Mixed Platforms.Build.0 = Release|Any CPU
		{CAB97F7F-FB75-410C-898A-88DCAAC036BE}.Debug|.NET.ActiveCfg = Debug|Any CPU
		{CAB97F7F-FB75-410C-898A-88DCAAC036BE}.Debug|Any CPU.ActiveCfg = Debug|Any CPU
		{CAB97F7F-FB75-410C-898A-88DCAAC036BE}.Debug|Any CPU.Build.0 = Debug|Any CPU
		{CAB97F7F-FB75-410C-898A-88DCAAC036BE}.Debug|Mixed Platforms.ActiveCfg = Debug|Any CPU
		{CAB97F7F-FB75-410C-898A-88DCAAC036BE}.Debug|Mixed Platforms.Build.0 = Debug|Any CPU
		{CAB97F7F-FB75-410C-898A-88DCAAC036BE}.Release|.NET.ActiveCfg = Release|Any CPU
		{CAB97F7F-FB75-410C-898A-88DCAAC036BE}.Release|Any CPU.ActiveCfg = Release|Any CPU
		{CAB97F7F-FB75-410C-898A-88DCAAC036BE}.Release|Any CPU.Build.0 = Release|Any CPU
		{CAB97F7F-FB75-410C-898A-88DCAAC036BE}.Release|Mixed Platforms.ActiveCfg = Release|Any CPU
		{CAB97F7F-FB75-410C-898A-88DCAAC036BE}.Release|Mixed Platforms.Build.0 = Release|Any CPU
		{DB6A0B91-873E-4E04-866A-7483E136A8D4}.Build|.NET.ActiveCfg = Release|Any CPU
		{DB6A0B91-873E-4E04-866A-7483E136A8D4}.Build|Any CPU.ActiveCfg = Release|Any CPU
		{DB6A0B91-873E-4E04-866A-7483E136A8D4}.Build|Any CPU.Build.0 = Release|Any CPU
		{DB6A0B91-873E-4E04-866A-7483E136A8D4}.Build|Mixed Platforms.ActiveCfg = Release|Any CPU
		{DB6A0B91-873E-4E04-866A-7483E136A8D4}.Build|Mixed Platforms.Build.0 = Release|Any CPU
		{DB6A0B91-873E-4E04-866A-7483E136A8D4}.Debug|.NET.ActiveCfg = Debug|Any CPU
		{DB6A0B91-873E-4E04-866A-7483E136A8D4}.Debug|Any CPU.ActiveCfg = Debug|Any CPU
		{DB6A0B91-873E-4E04-866A-7483E136A8D4}.Debug|Any CPU.Build.0 = Debug|Any CPU
		{DB6A0B91-873E-4E04-866A-7483E136A8D4}.Debug|Mixed Platforms.ActiveCfg = Debug|Any CPU
		{DB6A0B91-873E-4E04-866A-7483E136A8D4}.Debug|Mixed Platforms.Build.0 = Debug|Any CPU
		{DB6A0B91-873E-4E04-866A-7483E136A8D4}.Release|.NET.ActiveCfg = Release|Any CPU
		{DB6A0B91-873E-4E04-866A-7483E136A8D4}.Release|Any CPU.ActiveCfg = Release|Any CPU
		{DB6A0B91-873E-4E04-866A-7483E136A8D4}.Release|Any CPU.Build.0 = Release|Any CPU
		{DB6A0B91-873E-4E04-866A-7483E136A8D4}.Release|Mixed Platforms.ActiveCfg = Release|Any CPU
		{DB6A0B91-873E-4E04-866A-7483E136A8D4}.Release|Mixed Platforms.Build.0 = Release|Any CPU
		{C205EA4C-4CD0-4221-A3CB-AFD835F0B263}.Build|.NET.ActiveCfg = Release|Any CPU
		{C205EA4C-4CD0-4221-A3CB-AFD835F0B263}.Build|Any CPU.ActiveCfg = Release|Any CPU
		{C205EA4C-4CD0-4221-A3CB-AFD835F0B263}.Build|Any CPU.Build.0 = Release|Any CPU
		{C205EA4C-4CD0-4221-A3CB-AFD835F0B263}.Build|Mixed Platforms.ActiveCfg = Release|Any CPU
		{C205EA4C-4CD0-4221-A3CB-AFD835F0B263}.Build|Mixed Platforms.Build.0 = Release|Any CPU
		{C205EA4C-4CD0-4221-A3CB-AFD835F0B263}.Debug|.NET.ActiveCfg = Debug|Any CPU
		{C205EA4C-4CD0-4221-A3CB-AFD835F0B263}.Debug|Any CPU.ActiveCfg = Debug|Any CPU
		{C205EA4C-4CD0-4221-A3CB-AFD835F0B263}.Debug|Any CPU.Build.0 = Debug|Any CPU
		{C205EA4C-4CD0-4221-A3CB-AFD835F0B263}.Debug|Mixed Platforms.ActiveCfg = Debug|Any CPU
		{C205EA4C-4CD0-4221-A3CB-AFD835F0B263}.Debug|Mixed Platforms.Build.0 = Debug|Any CPU
		{C205EA4C-4CD0-4221-A3CB-AFD835F0B263}.Release|.NET.ActiveCfg = Release|Any CPU
		{C205EA4C-4CD0-4221-A3CB-AFD835F0B263}.Release|Any CPU.ActiveCfg = Release|Any CPU
		{C205EA4C-4CD0-4221-A3CB-AFD835F0B263}.Release|Any CPU.Build.0 = Release|Any CPU
		{C205EA4C-4CD0-4221-A3CB-AFD835F0B263}.Release|Mixed Platforms.ActiveCfg = Release|Any CPU
		{C205EA4C-4CD0-4221-A3CB-AFD835F0B263}.Release|Mixed Platforms.Build.0 = Release|Any CPU
		{DB798C07-0C82-4298-8BAA-D702CF96C28E}.Build|.NET.ActiveCfg = Release|Any CPU
		{DB798C07-0C82-4298-8BAA-D702CF96C28E}.Build|Any CPU.ActiveCfg = Release|Any CPU
		{DB798C07-0C82-4298-8BAA-D702CF96C28E}.Build|Any CPU.Build.0 = Release|Any CPU
		{DB798C07-0C82-4298-8BAA-D702CF96C28E}.Build|Mixed Platforms.ActiveCfg = Release|Any CPU
		{DB798C07-0C82-4298-8BAA-D702CF96C28E}.Build|Mixed Platforms.Build.0 = Release|Any CPU
		{DB798C07-0C82-4298-8BAA-D702CF96C28E}.Debug|.NET.ActiveCfg = Debug|Any CPU
		{DB798C07-0C82-4298-8BAA-D702CF96C28E}.Debug|Any CPU.ActiveCfg = Debug|Any CPU
		{DB798C07-0C82-4298-8BAA-D702CF96C28E}.Debug|Any CPU.Build.0 = Debug|Any CPU
		{DB798C07-0C82-4298-8BAA-D702CF96C28E}.Debug|Mixed Platforms.ActiveCfg = Debug|Any CPU
		{DB798C07-0C82-4298-8BAA-D702CF96C28E}.Debug|Mixed Platforms.Build.0 = Debug|Any CPU
		{DB798C07-0C82-4298-8BAA-D702CF96C28E}.Release|.NET.ActiveCfg = Release|Any CPU
		{DB798C07-0C82-4298-8BAA-D702CF96C28E}.Release|Any CPU.ActiveCfg = Release|Any CPU
		{DB798C07-0C82-4298-8BAA-D702CF96C28E}.Release|Any CPU.Build.0 = Release|Any CPU
		{DB798C07-0C82-4298-8BAA-D702CF96C28E}.Release|Mixed Platforms.ActiveCfg = Release|Any CPU
		{DB798C07-0C82-4298-8BAA-D702CF96C28E}.Release|Mixed Platforms.Build.0 = Release|Any CPU
		{0ED1B206-A1C9-4A52-BA87-3BA416C8725C}.Build|.NET.ActiveCfg = Release|Any CPU
		{0ED1B206-A1C9-4A52-BA87-3BA416C8725C}.Build|Any CPU.ActiveCfg = Release|Any CPU
		{0ED1B206-A1C9-4A52-BA87-3BA416C8725C}.Build|Any CPU.Build.0 = Release|Any CPU
		{0ED1B206-A1C9-4A52-BA87-3BA416C8725C}.Build|Mixed Platforms.ActiveCfg = Release|Any CPU
		{0ED1B206-A1C9-4A52-BA87-3BA416C8725C}.Build|Mixed Platforms.Build.0 = Release|Any CPU
		{0ED1B206-A1C9-4A52-BA87-3BA416C8725C}.Debug|.NET.ActiveCfg = Debug|Any CPU
		{0ED1B206-A1C9-4A52-BA87-3BA416C8725C}.Debug|Any CPU.ActiveCfg = Debug|Any CPU
		{0ED1B206-A1C9-4A52-BA87-3BA416C8725C}.Debug|Any CPU.Build.0 = Debug|Any CPU
		{0ED1B206-A1C9-4A52-BA87-3BA416C8725C}.Debug|Mixed Platforms.ActiveCfg = Debug|Any CPU
		{0ED1B206-A1C9-4A52-BA87-3BA416C8725C}.Debug|Mixed Platforms.Build.0 = Debug|Any CPU
		{0ED1B206-A1C9-4A52-BA87-3BA416C8725C}.Release|.NET.ActiveCfg = Release|Any CPU
		{0ED1B206-A1C9-4A52-BA87-3BA416C8725C}.Release|Any CPU.ActiveCfg = Release|Any CPU
		{0ED1B206-A1C9-4A52-BA87-3BA416C8725C}.Release|Any CPU.Build.0 = Release|Any CPU
		{0ED1B206-A1C9-4A52-BA87-3BA416C8725C}.Release|Mixed Platforms.ActiveCfg = Release|Any CPU
		{0ED1B206-A1C9-4A52-BA87-3BA416C8725C}.Release|Mixed Platforms.Build.0 = Release|Any CPU
	EndGlobalSection
	GlobalSection(SolutionProperties) = preSolution
		HideSolutionNode = FALSE
	EndGlobalSection
	GlobalSection(NestedProjects) = preSolution
		{027E996C-75E8-40F8-9073-0E3B77A6BE1F} = {E1C10209-160D-4054-ACB7-478A9FDCF84C}
		{C8878328-281F-4F4F-8D6E-88C60F304B89} = {E1C10209-160D-4054-ACB7-478A9FDCF84C}
		{901D15CB-EF37-4F84-864B-E70F4B5F1DFF} = {E1C10209-160D-4054-ACB7-478A9FDCF84C}
		{CAB97F7F-FB75-410C-898A-88DCAAC036BE} = {E1C10209-160D-4054-ACB7-478A9FDCF84C}
		{C205EA4C-4CD0-4221-A3CB-AFD835F0B263} = {E1C10209-160D-4054-ACB7-478A9FDCF84C}
		{E21E1651-3E32-47B7-A290-F461E63FEAD2} = {E1C10209-160D-4054-ACB7-478A9FDCF84C}
	EndGlobalSection
EndGlobal
